// !$*UTF8*$!
{
	archiveVersion = 1;
	classes = {
	};
	objectVersion = 46;
	objects = {

/* Begin PBXBuildFile section */
		45750EA91EEF24AF003526F4 /* PersonalProfileViewController.swift in Sources */ = {isa = PBXBuildFile; fileRef = 45750EA81EEF24AF003526F4 /* PersonalProfileViewController.swift */; };
		45750EAB1EF06359003526F4 /* ProfileMotivationTableViewController.swift in Sources */ = {isa = PBXBuildFile; fileRef = 45750EAA1EF06359003526F4 /* ProfileMotivationTableViewController.swift */; };
		45750EAD1EF063A0003526F4 /* MotivationTypeOneTableViewCell.swift in Sources */ = {isa = PBXBuildFile; fileRef = 45750EAC1EF063A0003526F4 /* MotivationTypeOneTableViewCell.swift */; };
		45750EAF1EF063BF003526F4 /* MotivationTypeTwoTableViewCell.swift in Sources */ = {isa = PBXBuildFile; fileRef = 45750EAE1EF063BF003526F4 /* MotivationTypeTwoTableViewCell.swift */; };
		45750EB11EF063DF003526F4 /* MotivationTypeThreeTableViewCell.swift in Sources */ = {isa = PBXBuildFile; fileRef = 45750EB01EF063DF003526F4 /* MotivationTypeThreeTableViewCell.swift */; };
		45750EB31EF0640E003526F4 /* NewMotivationTableViewController.swift in Sources */ = {isa = PBXBuildFile; fileRef = 45750EB21EF0640E003526F4 /* NewMotivationTableViewController.swift */; };
		45C54A411EF2E1C700E1FCBD /* HealthInformationModel.swift in Sources */ = {isa = PBXBuildFile; fileRef = 45C54A401EF2E1C700E1FCBD /* HealthInformationModel.swift */; };
		45C54A431EF2E1D800E1FCBD /* HealthInformationDatabase.swift in Sources */ = {isa = PBXBuildFile; fileRef = 45C54A421EF2E1D800E1FCBD /* HealthInformationDatabase.swift */; };
		45EA0E2D1EF5971800718832 /* HealthInformationViewController.swift in Sources */ = {isa = PBXBuildFile; fileRef = 45EA0E2C1EF5971800718832 /* HealthInformationViewController.swift */; };
		45EA0E2F1EF59B1800718832 /* HealthInformationMainViewController.swift in Sources */ = {isa = PBXBuildFile; fileRef = 45EA0E2E1EF59B1800718832 /* HealthInformationMainViewController.swift */; };
		493118A51EEB12F200D2694C /* PersonalProgress.storyboard in Resources */ = {isa = PBXBuildFile; fileRef = 4931189B1EEB12F200D2694C /* PersonalProgress.storyboard */; };
		493118A61EEB12F200D2694C /* ChartPoint.swift in Sources */ = {isa = PBXBuildFile; fileRef = 4931189D1EEB12F200D2694C /* ChartPoint.swift */; };
		493118A81EEB12F200D2694C /* LineChart.swift in Sources */ = {isa = PBXBuildFile; fileRef = 4931189F1EEB12F200D2694C /* LineChart.swift */; };
		493118A91EEB12F200D2694C /* LineChartData.swift in Sources */ = {isa = PBXBuildFile; fileRef = 493118A01EEB12F200D2694C /* LineChartData.swift */; };
		493118AA1EEB12F200D2694C /* PersonalProgressViewController.swift in Sources */ = {isa = PBXBuildFile; fileRef = 493118A11EEB12F200D2694C /* PersonalProgressViewController.swift */; };
		494EEE701EF06D3200465D6B /* HistoricTableViewController.swift in Sources */ = {isa = PBXBuildFile; fileRef = 494EEE6F1EF06D3200465D6B /* HistoricTableViewController.swift */; };
		494EEE721EF06D7A00465D6B /* HistoricTableViewCell.swift in Sources */ = {isa = PBXBuildFile; fileRef = 494EEE711EF06D7A00465D6B /* HistoricTableViewCell.swift */; };
		49A7D2811EF6CF94005587CE /* NotificationsDatabase.swift in Sources */ = {isa = PBXBuildFile; fileRef = 606195A31EF1E0B200249D81 /* NotificationsDatabase.swift */; };
		49A7D2821EF6CFF2005587CE /* NotificationModel.swift in Sources */ = {isa = PBXBuildFile; fileRef = 606195A41EF1E0B200249D81 /* NotificationModel.swift */; };
		49C03D6A1EF1DF8D00A96C1F /* HistoricViewController.swift in Sources */ = {isa = PBXBuildFile; fileRef = 49C03D691EF1DF8D00A96C1F /* HistoricViewController.swift */; };
		49C03D6C1EF3145900A96C1F /* PickerTableViewCell.swift in Sources */ = {isa = PBXBuildFile; fileRef = 49C03D6B1EF3145900A96C1F /* PickerTableViewCell.swift */; };
		604EC0371EECA76600C1EA59 /* Extensions.swift in Sources */ = {isa = PBXBuildFile; fileRef = 604EC0361EECA76600C1EA59 /* Extensions.swift */; };
		604EC03E1EEDAB9F00C1EA59 /* FagerstromPage1.swift in Sources */ = {isa = PBXBuildFile; fileRef = 604EC03D1EEDAB9F00C1EA59 /* FagerstromPage1.swift */; };
		604EC0401EEDABA500C1EA59 /* FagerstromPage2.swift in Sources */ = {isa = PBXBuildFile; fileRef = 604EC03F1EEDABA500C1EA59 /* FagerstromPage2.swift */; };
		604EC0421EEDABAA00C1EA59 /* FagerstromPage3.swift in Sources */ = {isa = PBXBuildFile; fileRef = 604EC0411EEDABAA00C1EA59 /* FagerstromPage3.swift */; };
		604EC0441EEDABAF00C1EA59 /* FagerstromPage4.swift in Sources */ = {isa = PBXBuildFile; fileRef = 604EC0431EEDABAF00C1EA59 /* FagerstromPage4.swift */; };
		604EC0461EEDABB300C1EA59 /* FagerstromPage5.swift in Sources */ = {isa = PBXBuildFile; fileRef = 604EC0451EEDABB300C1EA59 /* FagerstromPage5.swift */; };
		604EC0481EEDABB800C1EA59 /* FagerstromPage6.swift in Sources */ = {isa = PBXBuildFile; fileRef = 604EC0471EEDABB800C1EA59 /* FagerstromPage6.swift */; };
		606195A51EF1E0B200249D81 /* NotificationsDatabase.swift in Sources */ = {isa = PBXBuildFile; fileRef = 606195A31EF1E0B200249D81 /* NotificationsDatabase.swift */; };
		606195A61EF1E0B200249D81 /* NotificationModel.swift in Sources */ = {isa = PBXBuildFile; fileRef = 606195A41EF1E0B200249D81 /* NotificationModel.swift */; };
		606195A71EF1E0B700249D81 /* DatabaseController.swift in Sources */ = {isa = PBXBuildFile; fileRef = BDC32F441EE9BCD5003E65AB /* DatabaseController.swift */; };
		606195A81EF1E0EA00249D81 /* MiniChallenge3.xcdatamodeld in Sources */ = {isa = PBXBuildFile; fileRef = BDC32F191EE9B8E6003E65AB /* MiniChallenge3.xcdatamodeld */; };
		606195A91EF1E0ED00249D81 /* CigaretteEntry+CoreDataClass.swift in Sources */ = {isa = PBXBuildFile; fileRef = BDA3AF7A1EEEDB080087F71A /* CigaretteEntry+CoreDataClass.swift */; };
		606195AA1EF1E0ED00249D81 /* CigaretteEntry+CoreDataProperties.swift in Sources */ = {isa = PBXBuildFile; fileRef = BDA3AF7B1EEEDB080087F71A /* CigaretteEntry+CoreDataProperties.swift */; };
		60C7F12F1EEB25A00007D583 /* PageModelViewController.swift in Sources */ = {isa = PBXBuildFile; fileRef = 60C7F12E1EEB25A00007D583 /* PageModelViewController.swift */; };
		60C7F1311EEB3CEB0007D583 /* Page4ViewController.swift in Sources */ = {isa = PBXBuildFile; fileRef = 60C7F1301EEB3CEB0007D583 /* Page4ViewController.swift */; };
		60C7F1331EECA1290007D583 /* Page1ViewController.swift in Sources */ = {isa = PBXBuildFile; fileRef = 60C7F1321EECA1290007D583 /* Page1ViewController.swift */; };
		60C7F1351EECA1330007D583 /* Page2ViewController.swift in Sources */ = {isa = PBXBuildFile; fileRef = 60C7F1341EECA1330007D583 /* Page2ViewController.swift */; };
		60C7F1371EECA1400007D583 /* Page3ViewController.swift in Sources */ = {isa = PBXBuildFile; fileRef = 60C7F1361EECA1400007D583 /* Page3ViewController.swift */; };
		60C7F1391EECA1480007D583 /* Page5ViewController.swift in Sources */ = {isa = PBXBuildFile; fileRef = 60C7F1381EECA1480007D583 /* Page5ViewController.swift */; };
		60D1E04A1EF4357A0048FE2C /* FagerstromViewController.swift in Sources */ = {isa = PBXBuildFile; fileRef = 60D1E0491EF4357A0048FE2C /* FagerstromViewController.swift */; };
		60D1E04C1EF499420048FE2C /* InitialViewController.swift in Sources */ = {isa = PBXBuildFile; fileRef = 60D1E04B1EF499420048FE2C /* InitialViewController.swift */; };
		60D1E0511EF4D8BA0048FE2C /* LineChartData.swift in Sources */ = {isa = PBXBuildFile; fileRef = 493118A01EEB12F200D2694C /* LineChartData.swift */; };
		60D1E0521EF4D9490048FE2C /* PickerTableViewCell.swift in Sources */ = {isa = PBXBuildFile; fileRef = 49C03D6B1EF3145900A96C1F /* PickerTableViewCell.swift */; };
		60D1E0531EF4D9490048FE2C /* AchievementsViewController.swift in Sources */ = {isa = PBXBuildFile; fileRef = BDC1DA391EF29F7900070139 /* AchievementsViewController.swift */; };
		60D1E0541EF4D9490048FE2C /* HistoricTableViewCell.swift in Sources */ = {isa = PBXBuildFile; fileRef = 494EEE711EF06D7A00465D6B /* HistoricTableViewCell.swift */; };
		60D1E0551EF4D9490048FE2C /* HistoricTableViewController.swift in Sources */ = {isa = PBXBuildFile; fileRef = 494EEE6F1EF06D3200465D6B /* HistoricTableViewController.swift */; };
		60D1E0561EF4D9490048FE2C /* HistoricViewController.swift in Sources */ = {isa = PBXBuildFile; fileRef = 49C03D691EF1DF8D00A96C1F /* HistoricViewController.swift */; };
		60D1E0571EF4D9490048FE2C /* ChartPoint.swift in Sources */ = {isa = PBXBuildFile; fileRef = 4931189D1EEB12F200D2694C /* ChartPoint.swift */; };
		60D1E0581EF4D9490048FE2C /* LineChart.swift in Sources */ = {isa = PBXBuildFile; fileRef = 4931189F1EEB12F200D2694C /* LineChart.swift */; };
		60D1E0591EF4D9490048FE2C /* PersonalProgressViewController.swift in Sources */ = {isa = PBXBuildFile; fileRef = 493118A11EEB12F200D2694C /* PersonalProgressViewController.swift */; };
		60D1E05A1EF4D9730048FE2C /* FagerstromTest+CoreDataClass.swift in Sources */ = {isa = PBXBuildFile; fileRef = BDC1DA271EF0492D00070139 /* FagerstromTest+CoreDataClass.swift */; };
		60D1E05B1EF4D9730048FE2C /* FagerstromTest+CoreDataProperties.swift in Sources */ = {isa = PBXBuildFile; fileRef = BDC1DA281EF0492D00070139 /* FagerstromTest+CoreDataProperties.swift */; };
		60D1E05C1EF4D9730048FE2C /* Motivation+CoreDataClass.swift in Sources */ = {isa = PBXBuildFile; fileRef = BDC1DA1D1EF048C800070139 /* Motivation+CoreDataClass.swift */; };
		60D1E05D1EF4D9730048FE2C /* Motivation+CoreDataProperties.swift in Sources */ = {isa = PBXBuildFile; fileRef = BDC1DA1E1EF048C800070139 /* Motivation+CoreDataProperties.swift */; };
		60D1E05E1EF4D9730048FE2C /* Achievement+CoreDataClass.swift in Sources */ = {isa = PBXBuildFile; fileRef = BDC1DA1F1EF048C800070139 /* Achievement+CoreDataClass.swift */; };
		60D1E05F1EF4D9730048FE2C /* Achievement+CoreDataProperties.swift in Sources */ = {isa = PBXBuildFile; fileRef = BDC1DA201EF048C800070139 /* Achievement+CoreDataProperties.swift */; };
		60D1E0601EF4D9730048FE2C /* User+CoreDataClass.swift in Sources */ = {isa = PBXBuildFile; fileRef = BDC1DA0F1EEF1ABE00070139 /* User+CoreDataClass.swift */; };
		60D1E0611EF4D9730048FE2C /* User+CoreDataProperties.swift in Sources */ = {isa = PBXBuildFile; fileRef = BDC1DA101EEF1ABE00070139 /* User+CoreDataProperties.swift */; };
		60D1E0621EF4D9840048FE2C /* MainTabBarController.swift in Sources */ = {isa = PBXBuildFile; fileRef = BDC1DA3D1EF301EF00070139 /* MainTabBarController.swift */; };
		60D1E0631EF4D9840048FE2C /* AchievementPopUpViewController.swift in Sources */ = {isa = PBXBuildFile; fileRef = BDC1DA3B1EF2FF9C00070139 /* AchievementPopUpViewController.swift */; };
		60D1E0641EF4D9840048FE2C /* AchievementsCollectionViewCollectionViewController.swift in Sources */ = {isa = PBXBuildFile; fileRef = BDC1DA351EF1F00700070139 /* AchievementsCollectionViewCollectionViewController.swift */; };
		60D1E0651EF4D9840048FE2C /* AchievementCollectionViewCell.swift in Sources */ = {isa = PBXBuildFile; fileRef = BDC1DA371EF1F02600070139 /* AchievementCollectionViewCell.swift */; };
		60D1E0661EF4D9840048FE2C /* AchievementsController.swift in Sources */ = {isa = PBXBuildFile; fileRef = BDC1DA311EF1E1DC00070139 /* AchievementsController.swift */; };
		60D1E0671EF4D9840048FE2C /* NotificationController.swift in Sources */ = {isa = PBXBuildFile; fileRef = BDA3AF801EEEFE770087F71A /* NotificationController.swift */; };
		60D1E0681EF4D9840048FE2C /* ViewController.swift in Sources */ = {isa = PBXBuildFile; fileRef = BDC32F141EE9B8E6003E65AB /* ViewController.swift */; };
		60D1E0691EF4D9840048FE2C /* PageModelViewController.swift in Sources */ = {isa = PBXBuildFile; fileRef = 60C7F12E1EEB25A00007D583 /* PageModelViewController.swift */; };
		60D1E06A1EF4D9840048FE2C /* PersonalProfileViewController.swift in Sources */ = {isa = PBXBuildFile; fileRef = 45750EA81EEF24AF003526F4 /* PersonalProfileViewController.swift */; };
		60D1E06B1EF4D9840048FE2C /* ProfileMotivationTableViewController.swift in Sources */ = {isa = PBXBuildFile; fileRef = 45750EAA1EF06359003526F4 /* ProfileMotivationTableViewController.swift */; };
		60D1E06C1EF4D9840048FE2C /* MotivationTypeOneTableViewCell.swift in Sources */ = {isa = PBXBuildFile; fileRef = 45750EAC1EF063A0003526F4 /* MotivationTypeOneTableViewCell.swift */; };
		60D1E06D1EF4D9840048FE2C /* MotivationTypeTwoTableViewCell.swift in Sources */ = {isa = PBXBuildFile; fileRef = 45750EAE1EF063BF003526F4 /* MotivationTypeTwoTableViewCell.swift */; };
		60D1E06E1EF4D9840048FE2C /* MotivationTypeThreeTableViewCell.swift in Sources */ = {isa = PBXBuildFile; fileRef = 45750EB01EF063DF003526F4 /* MotivationTypeThreeTableViewCell.swift */; };
		60D1E06F1EF4D9840048FE2C /* NewMotivationTableViewController.swift in Sources */ = {isa = PBXBuildFile; fileRef = 45750EB21EF0640E003526F4 /* NewMotivationTableViewController.swift */; };
		60D1E0701EF4D9AB0048FE2C /* Extensions.swift in Sources */ = {isa = PBXBuildFile; fileRef = 604EC0361EECA76600C1EA59 /* Extensions.swift */; };
		60D1E0721EF57D070048FE2C /* AppConfigurationsTableViewController.swift in Sources */ = {isa = PBXBuildFile; fileRef = 60D1E0711EF57D070048FE2C /* AppConfigurationsTableViewController.swift */; };
		BD726D261F1179F1004E0DF9 /* TutorialPageView.storyboard in Resources */ = {isa = PBXBuildFile; fileRef = BD726D251F1179F1004E0DF9 /* TutorialPageView.storyboard */; };
		BD726D281F117CC3004E0DF9 /* TutorialPageViewController.swift in Sources */ = {isa = PBXBuildFile; fileRef = BD726D271F117CC3004E0DF9 /* TutorialPageViewController.swift */; };
		BD726D2A1F117D65004E0DF9 /* TutorialViewController1.swift in Sources */ = {isa = PBXBuildFile; fileRef = BD726D291F117D65004E0DF9 /* TutorialViewController1.swift */; };
		BD909C2F1F12C21C00C5CB7B /* TutorialViewController2.swift in Sources */ = {isa = PBXBuildFile; fileRef = BD909C2E1F12C21C00C5CB7B /* TutorialViewController2.swift */; };
		BD909C331F12F45700C5CB7B /* TutorialViewController4.swift in Sources */ = {isa = PBXBuildFile; fileRef = BD909C321F12F45700C5CB7B /* TutorialViewController4.swift */; };
		BD909C351F12F59E00C5CB7B /* TutorialViewController3.swift in Sources */ = {isa = PBXBuildFile; fileRef = BD909C341F12F59E00C5CB7B /* TutorialViewController3.swift */; };
		BD909C391F13131A00C5CB7B /* TutorialViewController6.swift in Sources */ = {isa = PBXBuildFile; fileRef = BD909C381F13131A00C5CB7B /* TutorialViewController6.swift */; };
		BD909C3B1F13148800C5CB7B /* TutorialViewController5.swift in Sources */ = {isa = PBXBuildFile; fileRef = BD909C3A1F13148800C5CB7B /* TutorialViewController5.swift */; };
		BD909C3D1F13D1C700C5CB7B /* TutorialViewController7.swift in Sources */ = {isa = PBXBuildFile; fileRef = BD909C3C1F13D1C700C5CB7B /* TutorialViewController7.swift */; };
		BD909C3F1F1522AC00C5CB7B /* ApplicationDatabaseSetUp.swift in Sources */ = {isa = PBXBuildFile; fileRef = BD909C3E1F1522AC00C5CB7B /* ApplicationDatabaseSetUp.swift */; };
		BDA3AF7E1EEEDB080087F71A /* CigaretteEntry+CoreDataClass.swift in Sources */ = {isa = PBXBuildFile; fileRef = BDA3AF7A1EEEDB080087F71A /* CigaretteEntry+CoreDataClass.swift */; };
		BDA3AF7F1EEEDB080087F71A /* CigaretteEntry+CoreDataProperties.swift in Sources */ = {isa = PBXBuildFile; fileRef = BDA3AF7B1EEEDB080087F71A /* CigaretteEntry+CoreDataProperties.swift */; };
		BDA3AF811EEEFE770087F71A /* NotificationController.swift in Sources */ = {isa = PBXBuildFile; fileRef = BDA3AF801EEEFE770087F71A /* NotificationController.swift */; };
		BDC1DA111EEF1ABE00070139 /* User+CoreDataClass.swift in Sources */ = {isa = PBXBuildFile; fileRef = BDC1DA0F1EEF1ABE00070139 /* User+CoreDataClass.swift */; };
		BDC1DA121EEF1ABE00070139 /* User+CoreDataProperties.swift in Sources */ = {isa = PBXBuildFile; fileRef = BDC1DA101EEF1ABE00070139 /* User+CoreDataProperties.swift */; };
		BDC1DA231EF048C800070139 /* Motivation+CoreDataClass.swift in Sources */ = {isa = PBXBuildFile; fileRef = BDC1DA1D1EF048C800070139 /* Motivation+CoreDataClass.swift */; };
		BDC1DA241EF048C800070139 /* Motivation+CoreDataProperties.swift in Sources */ = {isa = PBXBuildFile; fileRef = BDC1DA1E1EF048C800070139 /* Motivation+CoreDataProperties.swift */; };
		BDC1DA251EF048C800070139 /* Achievement+CoreDataClass.swift in Sources */ = {isa = PBXBuildFile; fileRef = BDC1DA1F1EF048C800070139 /* Achievement+CoreDataClass.swift */; };
		BDC1DA261EF048C800070139 /* Achievement+CoreDataProperties.swift in Sources */ = {isa = PBXBuildFile; fileRef = BDC1DA201EF048C800070139 /* Achievement+CoreDataProperties.swift */; };
		BDC1DA291EF0492D00070139 /* FagerstromTest+CoreDataClass.swift in Sources */ = {isa = PBXBuildFile; fileRef = BDC1DA271EF0492D00070139 /* FagerstromTest+CoreDataClass.swift */; };
		BDC1DA2A1EF0492D00070139 /* FagerstromTest+CoreDataProperties.swift in Sources */ = {isa = PBXBuildFile; fileRef = BDC1DA281EF0492D00070139 /* FagerstromTest+CoreDataProperties.swift */; };
		BDC1DA321EF1E1DC00070139 /* AchievementsController.swift in Sources */ = {isa = PBXBuildFile; fileRef = BDC1DA311EF1E1DC00070139 /* AchievementsController.swift */; };
		BDC1DA361EF1F00700070139 /* AchievementsCollectionViewCollectionViewController.swift in Sources */ = {isa = PBXBuildFile; fileRef = BDC1DA351EF1F00700070139 /* AchievementsCollectionViewCollectionViewController.swift */; };
		BDC1DA381EF1F02600070139 /* AchievementCollectionViewCell.swift in Sources */ = {isa = PBXBuildFile; fileRef = BDC1DA371EF1F02600070139 /* AchievementCollectionViewCell.swift */; };
		BDC1DA3A1EF29F7900070139 /* AchievementsViewController.swift in Sources */ = {isa = PBXBuildFile; fileRef = BDC1DA391EF29F7900070139 /* AchievementsViewController.swift */; };
		BDC1DA3C1EF2FF9C00070139 /* AchievementPopUpViewController.swift in Sources */ = {isa = PBXBuildFile; fileRef = BDC1DA3B1EF2FF9C00070139 /* AchievementPopUpViewController.swift */; };
		BDC1DA3E1EF301EF00070139 /* MainTabBarController.swift in Sources */ = {isa = PBXBuildFile; fileRef = BDC1DA3D1EF301EF00070139 /* MainTabBarController.swift */; };
		BDC32F131EE9B8E6003E65AB /* AppDelegate.swift in Sources */ = {isa = PBXBuildFile; fileRef = BDC32F121EE9B8E6003E65AB /* AppDelegate.swift */; };
		BDC32F151EE9B8E6003E65AB /* ViewController.swift in Sources */ = {isa = PBXBuildFile; fileRef = BDC32F141EE9B8E6003E65AB /* ViewController.swift */; };
		BDC32F181EE9B8E6003E65AB /* Main.storyboard in Resources */ = {isa = PBXBuildFile; fileRef = BDC32F161EE9B8E6003E65AB /* Main.storyboard */; };
		BDC32F1B1EE9B8E6003E65AB /* MiniChallenge3.xcdatamodeld in Sources */ = {isa = PBXBuildFile; fileRef = BDC32F191EE9B8E6003E65AB /* MiniChallenge3.xcdatamodeld */; };
		BDC32F1D1EE9B8E6003E65AB /* Assets.xcassets in Resources */ = {isa = PBXBuildFile; fileRef = BDC32F1C1EE9B8E6003E65AB /* Assets.xcassets */; };
		BDC32F201EE9B8E6003E65AB /* LaunchScreen.storyboard in Resources */ = {isa = PBXBuildFile; fileRef = BDC32F1E1EE9B8E6003E65AB /* LaunchScreen.storyboard */; };
		BDC32F2B1EE9B8E6003E65AB /* MiniChallenge3Tests.swift in Sources */ = {isa = PBXBuildFile; fileRef = BDC32F2A1EE9B8E6003E65AB /* MiniChallenge3Tests.swift */; };
		BDC32F361EE9B8E6003E65AB /* MiniChallenge3UITests.swift in Sources */ = {isa = PBXBuildFile; fileRef = BDC32F351EE9B8E6003E65AB /* MiniChallenge3UITests.swift */; };
		BDC32F451EE9BCD5003E65AB /* DatabaseController.swift in Sources */ = {isa = PBXBuildFile; fileRef = BDC32F441EE9BCD5003E65AB /* DatabaseController.swift */; };
		BDC32F511EE9BF2D003E65AB /* NotificationCenter.framework in Frameworks */ = {isa = PBXBuildFile; fileRef = BDC32F501EE9BF2D003E65AB /* NotificationCenter.framework */; };
		BDC32F541EE9BF2D003E65AB /* TodayViewController.swift in Sources */ = {isa = PBXBuildFile; fileRef = BDC32F531EE9BF2D003E65AB /* TodayViewController.swift */; };
		BDC32F571EE9BF2D003E65AB /* MainInterface.storyboard in Resources */ = {isa = PBXBuildFile; fileRef = BDC32F551EE9BF2D003E65AB /* MainInterface.storyboard */; };
		BDC32F5B1EE9BF2D003E65AB /* Widget.appex in Embed App Extensions */ = {isa = PBXBuildFile; fileRef = BDC32F4E1EE9BF2D003E65AB /* Widget.appex */; settings = {ATTRIBUTES = (RemoveHeadersOnCopy, ); }; };
		BDC32F611EE9C11E003E65AB /* InitialPageViewController.storyboard in Resources */ = {isa = PBXBuildFile; fileRef = BDC32F601EE9C11E003E65AB /* InitialPageViewController.storyboard */; };
		BDC32F651EE9C1ED003E65AB /* PersonalMotivations.storyboard in Resources */ = {isa = PBXBuildFile; fileRef = BDC32F641EE9C1ED003E65AB /* PersonalMotivations.storyboard */; };
		BDC32F671EE9C234003E65AB /* FagerstromFormPageViewController.storyboard in Resources */ = {isa = PBXBuildFile; fileRef = BDC32F661EE9C234003E65AB /* FagerstromFormPageViewController.storyboard */; };
		BDC32F681EE9C268003E65AB /* TodayViewController.swift in Sources */ = {isa = PBXBuildFile; fileRef = BDC32F531EE9BF2D003E65AB /* TodayViewController.swift */; };
		BDC32F711EE9C54E003E65AB /* PersonalProfile.storyboard in Resources */ = {isa = PBXBuildFile; fileRef = BDC32F6F1EE9C54E003E65AB /* PersonalProfile.storyboard */; };
		BDC32F731EE9C56C003E65AB /* AppConfigurations.storyboard in Resources */ = {isa = PBXBuildFile; fileRef = BDC32F721EE9C56C003E65AB /* AppConfigurations.storyboard */; };
		BDC32F761EE9C585003E65AB /* HealthInformation.storyboard in Resources */ = {isa = PBXBuildFile; fileRef = BDC32F741EE9C585003E65AB /* HealthInformation.storyboard */; };
/* End PBXBuildFile section */

/* Begin PBXContainerItemProxy section */
		BDC32F271EE9B8E6003E65AB /* PBXContainerItemProxy */ = {
			isa = PBXContainerItemProxy;
			containerPortal = BDC32F071EE9B8E6003E65AB /* Project object */;
			proxyType = 1;
			remoteGlobalIDString = BDC32F0E1EE9B8E6003E65AB;
			remoteInfo = MiniChallenge3;
		};
		BDC32F321EE9B8E6003E65AB /* PBXContainerItemProxy */ = {
			isa = PBXContainerItemProxy;
			containerPortal = BDC32F071EE9B8E6003E65AB /* Project object */;
			proxyType = 1;
			remoteGlobalIDString = BDC32F0E1EE9B8E6003E65AB;
			remoteInfo = MiniChallenge3;
		};
		BDC32F591EE9BF2D003E65AB /* PBXContainerItemProxy */ = {
			isa = PBXContainerItemProxy;
			containerPortal = BDC32F071EE9B8E6003E65AB /* Project object */;
			proxyType = 1;
			remoteGlobalIDString = BDC32F4D1EE9BF2D003E65AB;
			remoteInfo = Widget;
		};
/* End PBXContainerItemProxy section */

/* Begin PBXCopyFilesBuildPhase section */
		BDC32F5F1EE9BF2D003E65AB /* Embed App Extensions */ = {
			isa = PBXCopyFilesBuildPhase;
			buildActionMask = 2147483647;
			dstPath = "";
			dstSubfolderSpec = 13;
			files = (
				BDC32F5B1EE9BF2D003E65AB /* Widget.appex in Embed App Extensions */,
			);
			name = "Embed App Extensions";
			runOnlyForDeploymentPostprocessing = 0;
		};
/* End PBXCopyFilesBuildPhase section */

/* Begin PBXFileReference section */
		45750EA81EEF24AF003526F4 /* PersonalProfileViewController.swift */ = {isa = PBXFileReference; fileEncoding = 4; lastKnownFileType = sourcecode.swift; path = PersonalProfileViewController.swift; sourceTree = "<group>"; };
		45750EAA1EF06359003526F4 /* ProfileMotivationTableViewController.swift */ = {isa = PBXFileReference; fileEncoding = 4; lastKnownFileType = sourcecode.swift; path = ProfileMotivationTableViewController.swift; sourceTree = "<group>"; };
		45750EAC1EF063A0003526F4 /* MotivationTypeOneTableViewCell.swift */ = {isa = PBXFileReference; fileEncoding = 4; lastKnownFileType = sourcecode.swift; path = MotivationTypeOneTableViewCell.swift; sourceTree = "<group>"; };
		45750EAE1EF063BF003526F4 /* MotivationTypeTwoTableViewCell.swift */ = {isa = PBXFileReference; fileEncoding = 4; lastKnownFileType = sourcecode.swift; path = MotivationTypeTwoTableViewCell.swift; sourceTree = "<group>"; };
		45750EB01EF063DF003526F4 /* MotivationTypeThreeTableViewCell.swift */ = {isa = PBXFileReference; fileEncoding = 4; lastKnownFileType = sourcecode.swift; path = MotivationTypeThreeTableViewCell.swift; sourceTree = "<group>"; };
		45750EB21EF0640E003526F4 /* NewMotivationTableViewController.swift */ = {isa = PBXFileReference; fileEncoding = 4; lastKnownFileType = sourcecode.swift; path = NewMotivationTableViewController.swift; sourceTree = "<group>"; };
		45C54A401EF2E1C700E1FCBD /* HealthInformationModel.swift */ = {isa = PBXFileReference; fileEncoding = 4; lastKnownFileType = sourcecode.swift; path = HealthInformationModel.swift; sourceTree = "<group>"; };
		45C54A421EF2E1D800E1FCBD /* HealthInformationDatabase.swift */ = {isa = PBXFileReference; fileEncoding = 4; lastKnownFileType = sourcecode.swift; path = HealthInformationDatabase.swift; sourceTree = "<group>"; };
		45EA0E2C1EF5971800718832 /* HealthInformationViewController.swift */ = {isa = PBXFileReference; fileEncoding = 4; lastKnownFileType = sourcecode.swift; path = HealthInformationViewController.swift; sourceTree = "<group>"; };
		45EA0E2E1EF59B1800718832 /* HealthInformationMainViewController.swift */ = {isa = PBXFileReference; fileEncoding = 4; lastKnownFileType = sourcecode.swift; path = HealthInformationMainViewController.swift; sourceTree = "<group>"; };
		4931189C1EEB12F200D2694C /* Base */ = {isa = PBXFileReference; lastKnownFileType = file.storyboard; name = Base; path = Base.lproj/PersonalProgress.storyboard; sourceTree = "<group>"; };
		4931189D1EEB12F200D2694C /* ChartPoint.swift */ = {isa = PBXFileReference; fileEncoding = 4; lastKnownFileType = sourcecode.swift; path = ChartPoint.swift; sourceTree = "<group>"; };
		4931189F1EEB12F200D2694C /* LineChart.swift */ = {isa = PBXFileReference; fileEncoding = 4; lastKnownFileType = sourcecode.swift; path = LineChart.swift; sourceTree = "<group>"; };
		493118A01EEB12F200D2694C /* LineChartData.swift */ = {isa = PBXFileReference; fileEncoding = 4; lastKnownFileType = sourcecode.swift; path = LineChartData.swift; sourceTree = "<group>"; };
		493118A11EEB12F200D2694C /* PersonalProgressViewController.swift */ = {isa = PBXFileReference; fileEncoding = 4; lastKnownFileType = sourcecode.swift; path = PersonalProgressViewController.swift; sourceTree = "<group>"; };
		494EEE6F1EF06D3200465D6B /* HistoricTableViewController.swift */ = {isa = PBXFileReference; fileEncoding = 4; lastKnownFileType = sourcecode.swift; path = HistoricTableViewController.swift; sourceTree = "<group>"; };
		494EEE711EF06D7A00465D6B /* HistoricTableViewCell.swift */ = {isa = PBXFileReference; fileEncoding = 4; lastKnownFileType = sourcecode.swift; path = HistoricTableViewCell.swift; sourceTree = "<group>"; };
		49C03D691EF1DF8D00A96C1F /* HistoricViewController.swift */ = {isa = PBXFileReference; fileEncoding = 4; lastKnownFileType = sourcecode.swift; path = HistoricViewController.swift; sourceTree = "<group>"; };
		49C03D6B1EF3145900A96C1F /* PickerTableViewCell.swift */ = {isa = PBXFileReference; fileEncoding = 4; lastKnownFileType = sourcecode.swift; path = PickerTableViewCell.swift; sourceTree = "<group>"; };
		604EC0361EECA76600C1EA59 /* Extensions.swift */ = {isa = PBXFileReference; fileEncoding = 4; lastKnownFileType = sourcecode.swift; path = Extensions.swift; sourceTree = "<group>"; };
		604EC03D1EEDAB9F00C1EA59 /* FagerstromPage1.swift */ = {isa = PBXFileReference; fileEncoding = 4; lastKnownFileType = sourcecode.swift; path = FagerstromPage1.swift; sourceTree = "<group>"; };
		604EC03F1EEDABA500C1EA59 /* FagerstromPage2.swift */ = {isa = PBXFileReference; fileEncoding = 4; lastKnownFileType = sourcecode.swift; path = FagerstromPage2.swift; sourceTree = "<group>"; };
		604EC0411EEDABAA00C1EA59 /* FagerstromPage3.swift */ = {isa = PBXFileReference; fileEncoding = 4; lastKnownFileType = sourcecode.swift; path = FagerstromPage3.swift; sourceTree = "<group>"; };
		604EC0431EEDABAF00C1EA59 /* FagerstromPage4.swift */ = {isa = PBXFileReference; fileEncoding = 4; lastKnownFileType = sourcecode.swift; path = FagerstromPage4.swift; sourceTree = "<group>"; };
		604EC0451EEDABB300C1EA59 /* FagerstromPage5.swift */ = {isa = PBXFileReference; fileEncoding = 4; lastKnownFileType = sourcecode.swift; path = FagerstromPage5.swift; sourceTree = "<group>"; };
		604EC0471EEDABB800C1EA59 /* FagerstromPage6.swift */ = {isa = PBXFileReference; fileEncoding = 4; lastKnownFileType = sourcecode.swift; path = FagerstromPage6.swift; sourceTree = "<group>"; };
		606195A31EF1E0B200249D81 /* NotificationsDatabase.swift */ = {isa = PBXFileReference; fileEncoding = 4; lastKnownFileType = sourcecode.swift; path = NotificationsDatabase.swift; sourceTree = "<group>"; };
		606195A41EF1E0B200249D81 /* NotificationModel.swift */ = {isa = PBXFileReference; fileEncoding = 4; lastKnownFileType = sourcecode.swift; path = NotificationModel.swift; sourceTree = "<group>"; };
		60C7F12E1EEB25A00007D583 /* PageModelViewController.swift */ = {isa = PBXFileReference; fileEncoding = 4; lastKnownFileType = sourcecode.swift; path = PageModelViewController.swift; sourceTree = "<group>"; };
		60C7F1301EEB3CEB0007D583 /* Page4ViewController.swift */ = {isa = PBXFileReference; fileEncoding = 4; lastKnownFileType = sourcecode.swift; path = Page4ViewController.swift; sourceTree = "<group>"; };
		60C7F1321EECA1290007D583 /* Page1ViewController.swift */ = {isa = PBXFileReference; fileEncoding = 4; lastKnownFileType = sourcecode.swift; path = Page1ViewController.swift; sourceTree = "<group>"; };
		60C7F1341EECA1330007D583 /* Page2ViewController.swift */ = {isa = PBXFileReference; fileEncoding = 4; lastKnownFileType = sourcecode.swift; path = Page2ViewController.swift; sourceTree = "<group>"; };
		60C7F1361EECA1400007D583 /* Page3ViewController.swift */ = {isa = PBXFileReference; fileEncoding = 4; lastKnownFileType = sourcecode.swift; path = Page3ViewController.swift; sourceTree = "<group>"; };
		60C7F1381EECA1480007D583 /* Page5ViewController.swift */ = {isa = PBXFileReference; fileEncoding = 4; lastKnownFileType = sourcecode.swift; path = Page5ViewController.swift; sourceTree = "<group>"; };
		60D1E0491EF4357A0048FE2C /* FagerstromViewController.swift */ = {isa = PBXFileReference; fileEncoding = 4; lastKnownFileType = sourcecode.swift; path = FagerstromViewController.swift; sourceTree = "<group>"; };
		60D1E04B1EF499420048FE2C /* InitialViewController.swift */ = {isa = PBXFileReference; fileEncoding = 4; lastKnownFileType = sourcecode.swift; path = InitialViewController.swift; sourceTree = "<group>"; };
		60D1E0711EF57D070048FE2C /* AppConfigurationsTableViewController.swift */ = {isa = PBXFileReference; fileEncoding = 4; lastKnownFileType = sourcecode.swift; path = AppConfigurationsTableViewController.swift; sourceTree = "<group>"; };
		BD726D251F1179F1004E0DF9 /* TutorialPageView.storyboard */ = {isa = PBXFileReference; fileEncoding = 4; lastKnownFileType = file.storyboard; path = TutorialPageView.storyboard; sourceTree = "<group>"; };
		BD726D271F117CC3004E0DF9 /* TutorialPageViewController.swift */ = {isa = PBXFileReference; fileEncoding = 4; lastKnownFileType = sourcecode.swift; path = TutorialPageViewController.swift; sourceTree = "<group>"; };
		BD726D291F117D65004E0DF9 /* TutorialViewController1.swift */ = {isa = PBXFileReference; fileEncoding = 4; lastKnownFileType = sourcecode.swift; path = TutorialViewController1.swift; sourceTree = "<group>"; };
		BD909C2E1F12C21C00C5CB7B /* TutorialViewController2.swift */ = {isa = PBXFileReference; fileEncoding = 4; lastKnownFileType = sourcecode.swift; path = TutorialViewController2.swift; sourceTree = "<group>"; };
		BD909C321F12F45700C5CB7B /* TutorialViewController4.swift */ = {isa = PBXFileReference; fileEncoding = 4; lastKnownFileType = sourcecode.swift; path = TutorialViewController4.swift; sourceTree = "<group>"; };
		BD909C341F12F59E00C5CB7B /* TutorialViewController3.swift */ = {isa = PBXFileReference; fileEncoding = 4; lastKnownFileType = sourcecode.swift; path = TutorialViewController3.swift; sourceTree = "<group>"; };
		BD909C381F13131A00C5CB7B /* TutorialViewController6.swift */ = {isa = PBXFileReference; fileEncoding = 4; lastKnownFileType = sourcecode.swift; path = TutorialViewController6.swift; sourceTree = "<group>"; };
		BD909C3A1F13148800C5CB7B /* TutorialViewController5.swift */ = {isa = PBXFileReference; fileEncoding = 4; lastKnownFileType = sourcecode.swift; path = TutorialViewController5.swift; sourceTree = "<group>"; };
		BD909C3C1F13D1C700C5CB7B /* TutorialViewController7.swift */ = {isa = PBXFileReference; fileEncoding = 4; lastKnownFileType = sourcecode.swift; path = TutorialViewController7.swift; sourceTree = "<group>"; };
		BD909C3E1F1522AC00C5CB7B /* ApplicationDatabaseSetUp.swift */ = {isa = PBXFileReference; fileEncoding = 4; lastKnownFileType = sourcecode.swift; name = ApplicationDatabaseSetUp.swift; path = ../ApplicationDatabaseSetUp.swift; sourceTree = "<group>"; };
		BDA3AF7A1EEEDB080087F71A /* CigaretteEntry+CoreDataClass.swift */ = {isa = PBXFileReference; fileEncoding = 4; lastKnownFileType = sourcecode.swift; path = "CigaretteEntry+CoreDataClass.swift"; sourceTree = "<group>"; };
		BDA3AF7B1EEEDB080087F71A /* CigaretteEntry+CoreDataProperties.swift */ = {isa = PBXFileReference; fileEncoding = 4; lastKnownFileType = sourcecode.swift; path = "CigaretteEntry+CoreDataProperties.swift"; sourceTree = "<group>"; };
		BDA3AF801EEEFE770087F71A /* NotificationController.swift */ = {isa = PBXFileReference; fileEncoding = 4; lastKnownFileType = sourcecode.swift; path = NotificationController.swift; sourceTree = "<group>"; };
		BDC1DA0F1EEF1ABE00070139 /* User+CoreDataClass.swift */ = {isa = PBXFileReference; fileEncoding = 4; lastKnownFileType = sourcecode.swift; path = "User+CoreDataClass.swift"; sourceTree = "<group>"; };
		BDC1DA101EEF1ABE00070139 /* User+CoreDataProperties.swift */ = {isa = PBXFileReference; fileEncoding = 4; lastKnownFileType = sourcecode.swift; path = "User+CoreDataProperties.swift"; sourceTree = "<group>"; };
		BDC1DA1D1EF048C800070139 /* Motivation+CoreDataClass.swift */ = {isa = PBXFileReference; fileEncoding = 4; lastKnownFileType = sourcecode.swift; path = "Motivation+CoreDataClass.swift"; sourceTree = "<group>"; };
		BDC1DA1E1EF048C800070139 /* Motivation+CoreDataProperties.swift */ = {isa = PBXFileReference; fileEncoding = 4; lastKnownFileType = sourcecode.swift; path = "Motivation+CoreDataProperties.swift"; sourceTree = "<group>"; };
		BDC1DA1F1EF048C800070139 /* Achievement+CoreDataClass.swift */ = {isa = PBXFileReference; fileEncoding = 4; lastKnownFileType = sourcecode.swift; path = "Achievement+CoreDataClass.swift"; sourceTree = "<group>"; };
		BDC1DA201EF048C800070139 /* Achievement+CoreDataProperties.swift */ = {isa = PBXFileReference; fileEncoding = 4; lastKnownFileType = sourcecode.swift; path = "Achievement+CoreDataProperties.swift"; sourceTree = "<group>"; };
		BDC1DA271EF0492D00070139 /* FagerstromTest+CoreDataClass.swift */ = {isa = PBXFileReference; fileEncoding = 4; lastKnownFileType = sourcecode.swift; path = "FagerstromTest+CoreDataClass.swift"; sourceTree = "<group>"; };
		BDC1DA281EF0492D00070139 /* FagerstromTest+CoreDataProperties.swift */ = {isa = PBXFileReference; fileEncoding = 4; lastKnownFileType = sourcecode.swift; path = "FagerstromTest+CoreDataProperties.swift"; sourceTree = "<group>"; };
		BDC1DA311EF1E1DC00070139 /* AchievementsController.swift */ = {isa = PBXFileReference; fileEncoding = 4; lastKnownFileType = sourcecode.swift; path = AchievementsController.swift; sourceTree = "<group>"; };
		BDC1DA351EF1F00700070139 /* AchievementsCollectionViewCollectionViewController.swift */ = {isa = PBXFileReference; fileEncoding = 4; lastKnownFileType = sourcecode.swift; name = AchievementsCollectionViewCollectionViewController.swift; path = ../AchievementsCollectionViewCollectionViewController.swift; sourceTree = "<group>"; };
		BDC1DA371EF1F02600070139 /* AchievementCollectionViewCell.swift */ = {isa = PBXFileReference; fileEncoding = 4; lastKnownFileType = sourcecode.swift; name = AchievementCollectionViewCell.swift; path = ../AchievementCollectionViewCell.swift; sourceTree = "<group>"; };
		BDC1DA391EF29F7900070139 /* AchievementsViewController.swift */ = {isa = PBXFileReference; fileEncoding = 4; lastKnownFileType = sourcecode.swift; path = AchievementsViewController.swift; sourceTree = "<group>"; };
		BDC1DA3B1EF2FF9C00070139 /* AchievementPopUpViewController.swift */ = {isa = PBXFileReference; fileEncoding = 4; lastKnownFileType = sourcecode.swift; path = AchievementPopUpViewController.swift; sourceTree = "<group>"; };
		BDC1DA3D1EF301EF00070139 /* MainTabBarController.swift */ = {isa = PBXFileReference; fileEncoding = 4; lastKnownFileType = sourcecode.swift; path = MainTabBarController.swift; sourceTree = "<group>"; };
		BDC32F0F1EE9B8E6003E65AB /* MiniChallenge3.app */ = {isa = PBXFileReference; explicitFileType = wrapper.application; includeInIndex = 0; path = MiniChallenge3.app; sourceTree = BUILT_PRODUCTS_DIR; };
		BDC32F121EE9B8E6003E65AB /* AppDelegate.swift */ = {isa = PBXFileReference; lastKnownFileType = sourcecode.swift; path = AppDelegate.swift; sourceTree = "<group>"; };
		BDC32F141EE9B8E6003E65AB /* ViewController.swift */ = {isa = PBXFileReference; lastKnownFileType = sourcecode.swift; path = ViewController.swift; sourceTree = "<group>"; };
		BDC32F171EE9B8E6003E65AB /* Base */ = {isa = PBXFileReference; lastKnownFileType = file.storyboard; name = Base; path = Base.lproj/Main.storyboard; sourceTree = "<group>"; };
		BDC32F1A1EE9B8E6003E65AB /* MiniChallenge3.xcdatamodel */ = {isa = PBXFileReference; lastKnownFileType = wrapper.xcdatamodel; path = MiniChallenge3.xcdatamodel; sourceTree = "<group>"; };
		BDC32F1C1EE9B8E6003E65AB /* Assets.xcassets */ = {isa = PBXFileReference; lastKnownFileType = folder.assetcatalog; path = Assets.xcassets; sourceTree = "<group>"; };
		BDC32F1F1EE9B8E6003E65AB /* Base */ = {isa = PBXFileReference; lastKnownFileType = file.storyboard; name = Base; path = Base.lproj/LaunchScreen.storyboard; sourceTree = "<group>"; };
		BDC32F211EE9B8E6003E65AB /* Info.plist */ = {isa = PBXFileReference; lastKnownFileType = text.plist.xml; path = Info.plist; sourceTree = "<group>"; };
		BDC32F261EE9B8E6003E65AB /* MiniChallenge3Tests.xctest */ = {isa = PBXFileReference; explicitFileType = wrapper.cfbundle; includeInIndex = 0; path = MiniChallenge3Tests.xctest; sourceTree = BUILT_PRODUCTS_DIR; };
		BDC32F2A1EE9B8E6003E65AB /* MiniChallenge3Tests.swift */ = {isa = PBXFileReference; lastKnownFileType = sourcecode.swift; path = MiniChallenge3Tests.swift; sourceTree = "<group>"; };
		BDC32F2C1EE9B8E6003E65AB /* Info.plist */ = {isa = PBXFileReference; lastKnownFileType = text.plist.xml; path = Info.plist; sourceTree = "<group>"; };
		BDC32F311EE9B8E6003E65AB /* MiniChallenge3UITests.xctest */ = {isa = PBXFileReference; explicitFileType = wrapper.cfbundle; includeInIndex = 0; path = MiniChallenge3UITests.xctest; sourceTree = BUILT_PRODUCTS_DIR; };
		BDC32F351EE9B8E6003E65AB /* MiniChallenge3UITests.swift */ = {isa = PBXFileReference; lastKnownFileType = sourcecode.swift; path = MiniChallenge3UITests.swift; sourceTree = "<group>"; };
		BDC32F371EE9B8E6003E65AB /* Info.plist */ = {isa = PBXFileReference; lastKnownFileType = text.plist.xml; path = Info.plist; sourceTree = "<group>"; };
		BDC32F441EE9BCD5003E65AB /* DatabaseController.swift */ = {isa = PBXFileReference; fileEncoding = 4; lastKnownFileType = sourcecode.swift; path = DatabaseController.swift; sourceTree = "<group>"; };
		BDC32F4E1EE9BF2D003E65AB /* Widget.appex */ = {isa = PBXFileReference; explicitFileType = "wrapper.app-extension"; includeInIndex = 0; path = Widget.appex; sourceTree = BUILT_PRODUCTS_DIR; };
		BDC32F501EE9BF2D003E65AB /* NotificationCenter.framework */ = {isa = PBXFileReference; lastKnownFileType = wrapper.framework; name = NotificationCenter.framework; path = System/Library/Frameworks/NotificationCenter.framework; sourceTree = SDKROOT; };
		BDC32F531EE9BF2D003E65AB /* TodayViewController.swift */ = {isa = PBXFileReference; lastKnownFileType = sourcecode.swift; path = TodayViewController.swift; sourceTree = "<group>"; };
		BDC32F561EE9BF2D003E65AB /* Base */ = {isa = PBXFileReference; lastKnownFileType = file.storyboard; name = Base; path = Base.lproj/MainInterface.storyboard; sourceTree = "<group>"; };
		BDC32F581EE9BF2D003E65AB /* Info.plist */ = {isa = PBXFileReference; lastKnownFileType = text.plist.xml; path = Info.plist; sourceTree = "<group>"; };
		BDC32F601EE9C11E003E65AB /* InitialPageViewController.storyboard */ = {isa = PBXFileReference; fileEncoding = 4; lastKnownFileType = file.storyboard; path = InitialPageViewController.storyboard; sourceTree = "<group>"; };
		BDC32F641EE9C1ED003E65AB /* PersonalMotivations.storyboard */ = {isa = PBXFileReference; fileEncoding = 4; lastKnownFileType = file.storyboard; path = PersonalMotivations.storyboard; sourceTree = "<group>"; };
		BDC32F661EE9C234003E65AB /* FagerstromFormPageViewController.storyboard */ = {isa = PBXFileReference; fileEncoding = 4; lastKnownFileType = file.storyboard; path = FagerstromFormPageViewController.storyboard; sourceTree = "<group>"; };
		BDC32F701EE9C54E003E65AB /* Base */ = {isa = PBXFileReference; lastKnownFileType = file.storyboard; name = Base; path = Base.lproj/PersonalProfile.storyboard; sourceTree = "<group>"; };
		BDC32F721EE9C56C003E65AB /* AppConfigurations.storyboard */ = {isa = PBXFileReference; fileEncoding = 4; lastKnownFileType = file.storyboard; path = AppConfigurations.storyboard; sourceTree = "<group>"; };
		BDC32F751EE9C585003E65AB /* Base */ = {isa = PBXFileReference; lastKnownFileType = file.storyboard; name = Base; path = Base.lproj/HealthInformation.storyboard; sourceTree = "<group>"; };
		BDC32F7C1EE9FA7B003E65AB /* MiniChallenge3.entitlements */ = {isa = PBXFileReference; lastKnownFileType = text.plist.entitlements; path = MiniChallenge3.entitlements; sourceTree = "<group>"; };
		BDC32F7D1EE9FAC1003E65AB /* Widget.entitlements */ = {isa = PBXFileReference; lastKnownFileType = text.plist.entitlements; path = Widget.entitlements; sourceTree = "<group>"; };
/* End PBXFileReference section */

/* Begin PBXFrameworksBuildPhase section */
		BDC32F0C1EE9B8E6003E65AB /* Frameworks */ = {
			isa = PBXFrameworksBuildPhase;
			buildActionMask = 2147483647;
			files = (
			);
			runOnlyForDeploymentPostprocessing = 0;
		};
		BDC32F231EE9B8E6003E65AB /* Frameworks */ = {
			isa = PBXFrameworksBuildPhase;
			buildActionMask = 2147483647;
			files = (
			);
			runOnlyForDeploymentPostprocessing = 0;
		};
		BDC32F2E1EE9B8E6003E65AB /* Frameworks */ = {
			isa = PBXFrameworksBuildPhase;
			buildActionMask = 2147483647;
			files = (
			);
			runOnlyForDeploymentPostprocessing = 0;
		};
		BDC32F4B1EE9BF2D003E65AB /* Frameworks */ = {
			isa = PBXFrameworksBuildPhase;
			buildActionMask = 2147483647;
			files = (
				BDC32F511EE9BF2D003E65AB /* NotificationCenter.framework in Frameworks */,
			);
			runOnlyForDeploymentPostprocessing = 0;
		};
/* End PBXFrameworksBuildPhase section */

/* Begin PBXGroup section */
		493118961EEB12F200D2694C /* PersonalProgress */ = {
			isa = PBXGroup;
			children = (
				4931189B1EEB12F200D2694C /* PersonalProgress.storyboard */,
				49C03D6B1EF3145900A96C1F /* PickerTableViewCell.swift */,
				BDC1DA391EF29F7900070139 /* AchievementsViewController.swift */,
				BDC1DA351EF1F00700070139 /* AchievementsCollectionViewCollectionViewController.swift */,
				BDC1DA371EF1F02600070139 /* AchievementCollectionViewCell.swift */,
				494EEE711EF06D7A00465D6B /* HistoricTableViewCell.swift */,
				494EEE6F1EF06D3200465D6B /* HistoricTableViewController.swift */,
				49C03D691EF1DF8D00A96C1F /* HistoricViewController.swift */,
				4931189D1EEB12F200D2694C /* ChartPoint.swift */,
				493118A01EEB12F200D2694C /* LineChartData.swift */,
				4931189F1EEB12F200D2694C /* LineChart.swift */,
				493118A11EEB12F200D2694C /* PersonalProgressViewController.swift */,
			);
			name = PersonalProgress;
			path = ChartTestImplementation;
			sourceTree = "<group>";
		};
		604EC0351EECA2AB00C1EA59 /* Pages */ = {
			isa = PBXGroup;
			children = (
				60C7F1321EECA1290007D583 /* Page1ViewController.swift */,
				60C7F1341EECA1330007D583 /* Page2ViewController.swift */,
				60C7F1361EECA1400007D583 /* Page3ViewController.swift */,
				60C7F1301EEB3CEB0007D583 /* Page4ViewController.swift */,
				60C7F1381EECA1480007D583 /* Page5ViewController.swift */,
			);
			name = Pages;
			sourceTree = "<group>";
		};
		604EC03A1EEDA57500C1EA59 /* FagerstromFormPageViewController */ = {
			isa = PBXGroup;
			children = (
				BDC32F661EE9C234003E65AB /* FagerstromFormPageViewController.storyboard */,
				60D1E0491EF4357A0048FE2C /* FagerstromViewController.swift */,
				604EC0491EEDABBD00C1EA59 /* FagerstromPages */,
			);
			name = FagerstromFormPageViewController;
			sourceTree = "<group>";
		};
		604EC0491EEDABBD00C1EA59 /* FagerstromPages */ = {
			isa = PBXGroup;
			children = (
				604EC03D1EEDAB9F00C1EA59 /* FagerstromPage1.swift */,
				604EC03F1EEDABA500C1EA59 /* FagerstromPage2.swift */,
				604EC0411EEDABAA00C1EA59 /* FagerstromPage3.swift */,
				604EC0431EEDABAF00C1EA59 /* FagerstromPage4.swift */,
				604EC0451EEDABB300C1EA59 /* FagerstromPage5.swift */,
				604EC0471EEDABB800C1EA59 /* FagerstromPage6.swift */,
			);
			name = FagerstromPages;
			sourceTree = "<group>";
		};
		60C7F12D1EEB25390007D583 /* InitialPageViewController */ = {
			isa = PBXGroup;
			children = (
				BDC32F601EE9C11E003E65AB /* InitialPageViewController.storyboard */,
				60D1E04B1EF499420048FE2C /* InitialViewController.swift */,
				604EC0351EECA2AB00C1EA59 /* Pages */,
			);
			name = InitialPageViewController;
			sourceTree = "<group>";
		};
		60D1E0731EF57D6A0048FE2C /* AppConfigurations */ = {
			isa = PBXGroup;
			children = (
				BDC32F721EE9C56C003E65AB /* AppConfigurations.storyboard */,
				60D1E0711EF57D070048FE2C /* AppConfigurationsTableViewController.swift */,
			);
			name = AppConfigurations;
			sourceTree = "<group>";
		};
		BD5007921F0324E20091769B /* PersonalProfile */ = {
			isa = PBXGroup;
			children = (
				45750EA81EEF24AF003526F4 /* PersonalProfileViewController.swift */,
				BDC32F6F1EE9C54E003E65AB /* PersonalProfile.storyboard */,
			);
			name = PersonalProfile;
			sourceTree = "<group>";
		};
		BD5007931F0325020091769B /* Main */ = {
			isa = PBXGroup;
			children = (
				BDC1DA3D1EF301EF00070139 /* MainTabBarController.swift */,
				BDC1DA3B1EF2FF9C00070139 /* AchievementPopUpViewController.swift */,
				BDC32F161EE9B8E6003E65AB /* Main.storyboard */,
			);
			name = Main;
			sourceTree = "<group>";
		};
		BD5007941F0325330091769B /* Motivations */ = {
			isa = PBXGroup;
			children = (
				45750EB21EF0640E003526F4 /* NewMotivationTableViewController.swift */,
				45750EAA1EF06359003526F4 /* ProfileMotivationTableViewController.swift */,
				45750EAC1EF063A0003526F4 /* MotivationTypeOneTableViewCell.swift */,
				45750EAE1EF063BF003526F4 /* MotivationTypeTwoTableViewCell.swift */,
				45750EB01EF063DF003526F4 /* MotivationTypeThreeTableViewCell.swift */,
				BDC32F641EE9C1ED003E65AB /* PersonalMotivations.storyboard */,
			);
			name = Motivations;
			sourceTree = "<group>";
		};
		BD5007951F0325510091769B /* Health */ = {
			isa = PBXGroup;
			children = (
				45EA0E2C1EF5971800718832 /* HealthInformationViewController.swift */,
				45EA0E2E1EF59B1800718832 /* HealthInformationMainViewController.swift */,
				BDC32F741EE9C585003E65AB /* HealthInformation.storyboard */,
			);
			name = Health;
			sourceTree = "<group>";
		};
		BD726D221F1176BD004E0DF9 /* Tutorial */ = {
			isa = PBXGroup;
			children = (
				BD726D251F1179F1004E0DF9 /* TutorialPageView.storyboard */,
				BD726D271F117CC3004E0DF9 /* TutorialPageViewController.swift */,
				BD726D2B1F1291A8004E0DF9 /* Pages */,
			);
			name = Tutorial;
			path = ..;
			sourceTree = "<group>";
		};
		BD726D2B1F1291A8004E0DF9 /* Pages */ = {
			isa = PBXGroup;
			children = (
				BD726D291F117D65004E0DF9 /* TutorialViewController1.swift */,
				BD909C2E1F12C21C00C5CB7B /* TutorialViewController2.swift */,
				BD909C341F12F59E00C5CB7B /* TutorialViewController3.swift */,
				BD909C321F12F45700C5CB7B /* TutorialViewController4.swift */,
				BD909C3A1F13148800C5CB7B /* TutorialViewController5.swift */,
				BD909C381F13131A00C5CB7B /* TutorialViewController6.swift */,
				BD909C3C1F13D1C700C5CB7B /* TutorialViewController7.swift */,
			);
			name = Pages;
			sourceTree = "<group>";
		};
		BDC32F061EE9B8E6003E65AB = {
			isa = PBXGroup;
			children = (
				BDC32F111EE9B8E6003E65AB /* MiniChallenge3 */,
				BDC32F291EE9B8E6003E65AB /* MiniChallenge3Tests */,
				BDC32F341EE9B8E6003E65AB /* MiniChallenge3UITests */,
				BDC32F521EE9BF2D003E65AB /* Widget */,
				BDC32F4F1EE9BF2D003E65AB /* Frameworks */,
				BDC32F101EE9B8E6003E65AB /* Products */,
			);
			sourceTree = "<group>";
		};
		BDC32F101EE9B8E6003E65AB /* Products */ = {
			isa = PBXGroup;
			children = (
				BDC32F0F1EE9B8E6003E65AB /* MiniChallenge3.app */,
				BDC32F261EE9B8E6003E65AB /* MiniChallenge3Tests.xctest */,
				BDC32F311EE9B8E6003E65AB /* MiniChallenge3UITests.xctest */,
				BDC32F4E1EE9BF2D003E65AB /* Widget.appex */,
			);
			name = Products;
			sourceTree = "<group>";
		};
		BDC32F111EE9B8E6003E65AB /* MiniChallenge3 */ = {
			isa = PBXGroup;
			children = (
				BDC32F491EE9BD9F003E65AB /* Other files */,
				BDC32F431EE9BC7F003E65AB /* Swift Files */,
				BDC32F461EE9BD57003E65AB /* ControllersExtras */,
				BDC32F481EE9BD94003E65AB /* ViewControllersStoryboards */,
				BDC32F471EE9BD6C003E65AB /* Database Files */,
			);
			path = MiniChallenge3;
			sourceTree = "<group>";
		};
		BDC32F291EE9B8E6003E65AB /* MiniChallenge3Tests */ = {
			isa = PBXGroup;
			children = (
				BDC32F2A1EE9B8E6003E65AB /* MiniChallenge3Tests.swift */,
				BDC32F2C1EE9B8E6003E65AB /* Info.plist */,
			);
			path = MiniChallenge3Tests;
			sourceTree = "<group>";
		};
		BDC32F341EE9B8E6003E65AB /* MiniChallenge3UITests */ = {
			isa = PBXGroup;
			children = (
				BDC32F351EE9B8E6003E65AB /* MiniChallenge3UITests.swift */,
				BDC32F371EE9B8E6003E65AB /* Info.plist */,
			);
			path = MiniChallenge3UITests;
			sourceTree = "<group>";
		};
		BDC32F431EE9BC7F003E65AB /* Swift Files */ = {
			isa = PBXGroup;
			children = (
				BDC32F121EE9B8E6003E65AB /* AppDelegate.swift */,
				BDC32F441EE9BCD5003E65AB /* DatabaseController.swift */,
				606195A31EF1E0B200249D81 /* NotificationsDatabase.swift */,
				606195A41EF1E0B200249D81 /* NotificationModel.swift */,
				45C54A401EF2E1C700E1FCBD /* HealthInformationModel.swift */,
				45C54A421EF2E1D800E1FCBD /* HealthInformationDatabase.swift */,
				BDC1DA311EF1E1DC00070139 /* AchievementsController.swift */,
				BDA3AF801EEEFE770087F71A /* NotificationController.swift */,
				604EC0361EECA76600C1EA59 /* Extensions.swift */,
				BD909C3E1F1522AC00C5CB7B /* ApplicationDatabaseSetUp.swift */,
			);
			name = "Swift Files";
			sourceTree = "<group>";
		};
		BDC32F461EE9BD57003E65AB /* ControllersExtras */ = {
			isa = PBXGroup;
			children = (
				BDC32F141EE9B8E6003E65AB /* ViewController.swift */,
				60C7F12E1EEB25A00007D583 /* PageModelViewController.swift */,
			);
			name = ControllersExtras;
			sourceTree = "<group>";
		};
		BDC32F471EE9BD6C003E65AB /* Database Files */ = {
			isa = PBXGroup;
			children = (
				BDC1DA271EF0492D00070139 /* FagerstromTest+CoreDataClass.swift */,
				BDC1DA281EF0492D00070139 /* FagerstromTest+CoreDataProperties.swift */,
				BDC1DA1D1EF048C800070139 /* Motivation+CoreDataClass.swift */,
				BDC1DA1E1EF048C800070139 /* Motivation+CoreDataProperties.swift */,
				BDC1DA1F1EF048C800070139 /* Achievement+CoreDataClass.swift */,
				BDC1DA201EF048C800070139 /* Achievement+CoreDataProperties.swift */,
				BDC1DA0F1EEF1ABE00070139 /* User+CoreDataClass.swift */,
				BDC1DA101EEF1ABE00070139 /* User+CoreDataProperties.swift */,
				BDA3AF7A1EEEDB080087F71A /* CigaretteEntry+CoreDataClass.swift */,
				BDA3AF7B1EEEDB080087F71A /* CigaretteEntry+CoreDataProperties.swift */,
				BDC32F191EE9B8E6003E65AB /* MiniChallenge3.xcdatamodeld */,
			);
			name = "Database Files";
			sourceTree = "<group>";
		};
		BDC32F481EE9BD94003E65AB /* ViewControllersStoryboards */ = {
			isa = PBXGroup;
			children = (
				BDC32F1E1EE9B8E6003E65AB /* LaunchScreen.storyboard */,
				BD5007931F0325020091769B /* Main */,
				493118961EEB12F200D2694C /* PersonalProgress */,
				BD5007951F0325510091769B /* Health */,
				60D1E0731EF57D6A0048FE2C /* AppConfigurations */,
				BD5007921F0324E20091769B /* PersonalProfile */,
				60C7F12D1EEB25390007D583 /* InitialPageViewController */,
				604EC03A1EEDA57500C1EA59 /* FagerstromFormPageViewController */,
				BD5007941F0325330091769B /* Motivations */,
				BD726D221F1176BD004E0DF9 /* Tutorial */,
			);
			name = ViewControllersStoryboards;
			sourceTree = "<group>";
		};
		BDC32F491EE9BD9F003E65AB /* Other files */ = {
			isa = PBXGroup;
			children = (
				BDC32F7C1EE9FA7B003E65AB /* MiniChallenge3.entitlements */,
				BDC32F1C1EE9B8E6003E65AB /* Assets.xcassets */,
				BDC32F211EE9B8E6003E65AB /* Info.plist */,
			);
			name = "Other files";
			sourceTree = "<group>";
		};
		BDC32F4F1EE9BF2D003E65AB /* Frameworks */ = {
			isa = PBXGroup;
			children = (
				BDC32F501EE9BF2D003E65AB /* NotificationCenter.framework */,
			);
			name = Frameworks;
			sourceTree = "<group>";
		};
		BDC32F521EE9BF2D003E65AB /* Widget */ = {
			isa = PBXGroup;
			children = (
				BDC32F7D1EE9FAC1003E65AB /* Widget.entitlements */,
				BDC32F531EE9BF2D003E65AB /* TodayViewController.swift */,
				BDC32F551EE9BF2D003E65AB /* MainInterface.storyboard */,
				BDC32F581EE9BF2D003E65AB /* Info.plist */,
			);
			path = Widget;
			sourceTree = "<group>";
		};
/* End PBXGroup section */

/* Begin PBXNativeTarget section */
		BDC32F0E1EE9B8E6003E65AB /* MiniChallenge3 */ = {
			isa = PBXNativeTarget;
			buildConfigurationList = BDC32F3A1EE9B8E6003E65AB /* Build configuration list for PBXNativeTarget "MiniChallenge3" */;
			buildPhases = (
				BDC32F0B1EE9B8E6003E65AB /* Sources */,
				BDC32F0C1EE9B8E6003E65AB /* Frameworks */,
				BDC32F0D1EE9B8E6003E65AB /* Resources */,
				BDC32F5F1EE9BF2D003E65AB /* Embed App Extensions */,
			);
			buildRules = (
			);
			dependencies = (
				BDC32F5A1EE9BF2D003E65AB /* PBXTargetDependency */,
			);
			name = MiniChallenge3;
			productName = MiniChallenge3;
			productReference = BDC32F0F1EE9B8E6003E65AB /* MiniChallenge3.app */;
			productType = "com.apple.product-type.application";
		};
		BDC32F251EE9B8E6003E65AB /* MiniChallenge3Tests */ = {
			isa = PBXNativeTarget;
			buildConfigurationList = BDC32F3D1EE9B8E6003E65AB /* Build configuration list for PBXNativeTarget "MiniChallenge3Tests" */;
			buildPhases = (
				BDC32F221EE9B8E6003E65AB /* Sources */,
				BDC32F231EE9B8E6003E65AB /* Frameworks */,
				BDC32F241EE9B8E6003E65AB /* Resources */,
			);
			buildRules = (
			);
			dependencies = (
				BDC32F281EE9B8E6003E65AB /* PBXTargetDependency */,
			);
			name = MiniChallenge3Tests;
			productName = MiniChallenge3Tests;
			productReference = BDC32F261EE9B8E6003E65AB /* MiniChallenge3Tests.xctest */;
			productType = "com.apple.product-type.bundle.unit-test";
		};
		BDC32F301EE9B8E6003E65AB /* MiniChallenge3UITests */ = {
			isa = PBXNativeTarget;
			buildConfigurationList = BDC32F401EE9B8E6003E65AB /* Build configuration list for PBXNativeTarget "MiniChallenge3UITests" */;
			buildPhases = (
				BDC32F2D1EE9B8E6003E65AB /* Sources */,
				BDC32F2E1EE9B8E6003E65AB /* Frameworks */,
				BDC32F2F1EE9B8E6003E65AB /* Resources */,
			);
			buildRules = (
			);
			dependencies = (
				BDC32F331EE9B8E6003E65AB /* PBXTargetDependency */,
			);
			name = MiniChallenge3UITests;
			productName = MiniChallenge3UITests;
			productReference = BDC32F311EE9B8E6003E65AB /* MiniChallenge3UITests.xctest */;
			productType = "com.apple.product-type.bundle.ui-testing";
		};
		BDC32F4D1EE9BF2D003E65AB /* Widget */ = {
			isa = PBXNativeTarget;
			buildConfigurationList = BDC32F5C1EE9BF2D003E65AB /* Build configuration list for PBXNativeTarget "Widget" */;
			buildPhases = (
				BDC32F4A1EE9BF2D003E65AB /* Sources */,
				BDC32F4B1EE9BF2D003E65AB /* Frameworks */,
				BDC32F4C1EE9BF2D003E65AB /* Resources */,
			);
			buildRules = (
			);
			dependencies = (
			);
			name = Widget;
			productName = Widget;
			productReference = BDC32F4E1EE9BF2D003E65AB /* Widget.appex */;
			productType = "com.apple.product-type.app-extension";
		};
/* End PBXNativeTarget section */

/* Begin PBXProject section */
		BDC32F071EE9B8E6003E65AB /* Project object */ = {
			isa = PBXProject;
			attributes = {
				LastSwiftUpdateCheck = 0830;
				LastUpgradeCheck = 0830;
				ORGANIZATIONNAME = "Guilherme Paciulli";
				TargetAttributes = {
					BDC32F0E1EE9B8E6003E65AB = {
						CreatedOnToolsVersion = 8.3.3;
						DevelopmentTeam = VLLH384AC4;
						ProvisioningStyle = Automatic;
						SystemCapabilities = {
							com.apple.ApplicationGroups.iOS = {
								enabled = 1;
							};
						};
					};
					BDC32F251EE9B8E6003E65AB = {
						CreatedOnToolsVersion = 8.3.3;
						DevelopmentTeam = VLLH384AC4;
						ProvisioningStyle = Automatic;
						TestTargetID = BDC32F0E1EE9B8E6003E65AB;
					};
					BDC32F301EE9B8E6003E65AB = {
						CreatedOnToolsVersion = 8.3.3;
						DevelopmentTeam = VLLH384AC4;
						ProvisioningStyle = Automatic;
						TestTargetID = BDC32F0E1EE9B8E6003E65AB;
					};
					BDC32F4D1EE9BF2D003E65AB = {
						CreatedOnToolsVersion = 8.3.3;
						DevelopmentTeam = VLLH384AC4;
						ProvisioningStyle = Automatic;
						SystemCapabilities = {
							com.apple.ApplicationGroups.iOS = {
								enabled = 1;
							};
						};
					};
				};
			};
			buildConfigurationList = BDC32F0A1EE9B8E6003E65AB /* Build configuration list for PBXProject "MiniChallenge3" */;
			compatibilityVersion = "Xcode 3.2";
			developmentRegion = English;
			hasScannedForEncodings = 0;
			knownRegions = (
				en,
				Base,
			);
			mainGroup = BDC32F061EE9B8E6003E65AB;
			productRefGroup = BDC32F101EE9B8E6003E65AB /* Products */;
			projectDirPath = "";
			projectRoot = "";
			targets = (
				BDC32F0E1EE9B8E6003E65AB /* MiniChallenge3 */,
				BDC32F251EE9B8E6003E65AB /* MiniChallenge3Tests */,
				BDC32F301EE9B8E6003E65AB /* MiniChallenge3UITests */,
				BDC32F4D1EE9BF2D003E65AB /* Widget */,
			);
		};
/* End PBXProject section */

/* Begin PBXResourcesBuildPhase section */
		BDC32F0D1EE9B8E6003E65AB /* Resources */ = {
			isa = PBXResourcesBuildPhase;
			buildActionMask = 2147483647;
			files = (
				BDC32F201EE9B8E6003E65AB /* LaunchScreen.storyboard in Resources */,
				BDC32F761EE9C585003E65AB /* HealthInformation.storyboard in Resources */,
				BDC32F611EE9C11E003E65AB /* InitialPageViewController.storyboard in Resources */,
				BDC32F1D1EE9B8E6003E65AB /* Assets.xcassets in Resources */,
				BDC32F671EE9C234003E65AB /* FagerstromFormPageViewController.storyboard in Resources */,
				BDC32F651EE9C1ED003E65AB /* PersonalMotivations.storyboard in Resources */,
				493118A51EEB12F200D2694C /* PersonalProgress.storyboard in Resources */,
				BDC32F711EE9C54E003E65AB /* PersonalProfile.storyboard in Resources */,
				BD726D261F1179F1004E0DF9 /* TutorialPageView.storyboard in Resources */,
				BDC32F181EE9B8E6003E65AB /* Main.storyboard in Resources */,
				BDC32F731EE9C56C003E65AB /* AppConfigurations.storyboard in Resources */,
			);
			runOnlyForDeploymentPostprocessing = 0;
		};
		BDC32F241EE9B8E6003E65AB /* Resources */ = {
			isa = PBXResourcesBuildPhase;
			buildActionMask = 2147483647;
			files = (
			);
			runOnlyForDeploymentPostprocessing = 0;
		};
		BDC32F2F1EE9B8E6003E65AB /* Resources */ = {
			isa = PBXResourcesBuildPhase;
			buildActionMask = 2147483647;
			files = (
			);
			runOnlyForDeploymentPostprocessing = 0;
		};
		BDC32F4C1EE9BF2D003E65AB /* Resources */ = {
			isa = PBXResourcesBuildPhase;
			buildActionMask = 2147483647;
			files = (
				BDC32F571EE9BF2D003E65AB /* MainInterface.storyboard in Resources */,
			);
			runOnlyForDeploymentPostprocessing = 0;
		};
/* End PBXResourcesBuildPhase section */

/* Begin PBXSourcesBuildPhase section */
		BDC32F0B1EE9B8E6003E65AB /* Sources */ = {
			isa = PBXSourcesBuildPhase;
			buildActionMask = 2147483647;
			files = (
				BD726D281F117CC3004E0DF9 /* TutorialPageViewController.swift in Sources */,
				BDC1DA321EF1E1DC00070139 /* AchievementsController.swift in Sources */,
				45750EAD1EF063A0003526F4 /* MotivationTypeOneTableViewCell.swift in Sources */,
				60C7F12F1EEB25A00007D583 /* PageModelViewController.swift in Sources */,
				BDC1DA3A1EF29F7900070139 /* AchievementsViewController.swift in Sources */,
				493118AA1EEB12F200D2694C /* PersonalProgressViewController.swift in Sources */,
				BDC32F451EE9BCD5003E65AB /* DatabaseController.swift in Sources */,
				BDC1DA251EF048C800070139 /* Achievement+CoreDataClass.swift in Sources */,
				60C7F1391EECA1480007D583 /* Page5ViewController.swift in Sources */,
				493118A61EEB12F200D2694C /* ChartPoint.swift in Sources */,
				60C7F1331EECA1290007D583 /* Page1ViewController.swift in Sources */,
				BDC1DA231EF048C800070139 /* Motivation+CoreDataClass.swift in Sources */,
				BDC1DA121EEF1ABE00070139 /* User+CoreDataProperties.swift in Sources */,
				BDC1DA111EEF1ABE00070139 /* User+CoreDataClass.swift in Sources */,
				60C7F1351EECA1330007D583 /* Page2ViewController.swift in Sources */,
				60D1E04C1EF499420048FE2C /* InitialViewController.swift in Sources */,
				604EC0401EEDABA500C1EA59 /* FagerstromPage2.swift in Sources */,
				45750EA91EEF24AF003526F4 /* PersonalProfileViewController.swift in Sources */,
				45C54A431EF2E1D800E1FCBD /* HealthInformationDatabase.swift in Sources */,
				45750EB11EF063DF003526F4 /* MotivationTypeThreeTableViewCell.swift in Sources */,
				BDC1DA3E1EF301EF00070139 /* MainTabBarController.swift in Sources */,
				45750EAB1EF06359003526F4 /* ProfileMotivationTableViewController.swift in Sources */,
				BD726D2A1F117D65004E0DF9 /* TutorialViewController1.swift in Sources */,
				BD909C3B1F13148800C5CB7B /* TutorialViewController5.swift in Sources */,
				BDC1DA241EF048C800070139 /* Motivation+CoreDataProperties.swift in Sources */,
				45750EAF1EF063BF003526F4 /* MotivationTypeTwoTableViewCell.swift in Sources */,
				BDA3AF7F1EEEDB080087F71A /* CigaretteEntry+CoreDataProperties.swift in Sources */,
				BDC32F151EE9B8E6003E65AB /* ViewController.swift in Sources */,
				60D1E04A1EF4357A0048FE2C /* FagerstromViewController.swift in Sources */,
				BDA3AF811EEEFE770087F71A /* NotificationController.swift in Sources */,
				49C03D6A1EF1DF8D00A96C1F /* HistoricViewController.swift in Sources */,
				604EC0421EEDABAA00C1EA59 /* FagerstromPage3.swift in Sources */,
				604EC03E1EEDAB9F00C1EA59 /* FagerstromPage1.swift in Sources */,
				BDC1DA291EF0492D00070139 /* FagerstromTest+CoreDataClass.swift in Sources */,
				493118A81EEB12F200D2694C /* LineChart.swift in Sources */,
				BD909C3F1F1522AC00C5CB7B /* ApplicationDatabaseSetUp.swift in Sources */,
				BDC1DA261EF048C800070139 /* Achievement+CoreDataProperties.swift in Sources */,
				494EEE721EF06D7A00465D6B /* HistoricTableViewCell.swift in Sources */,
				BDC32F681EE9C268003E65AB /* TodayViewController.swift in Sources */,
				BD909C351F12F59E00C5CB7B /* TutorialViewController3.swift in Sources */,
				606195A51EF1E0B200249D81 /* NotificationsDatabase.swift in Sources */,
				BDC1DA361EF1F00700070139 /* AchievementsCollectionViewCollectionViewController.swift in Sources */,
				494EEE701EF06D3200465D6B /* HistoricTableViewController.swift in Sources */,
				BDA3AF7E1EEEDB080087F71A /* CigaretteEntry+CoreDataClass.swift in Sources */,
				BD909C2F1F12C21C00C5CB7B /* TutorialViewController2.swift in Sources */,
				BDC32F131EE9B8E6003E65AB /* AppDelegate.swift in Sources */,
				60C7F1311EEB3CEB0007D583 /* Page4ViewController.swift in Sources */,
				BD909C331F12F45700C5CB7B /* TutorialViewController4.swift in Sources */,
				BDC1DA3C1EF2FF9C00070139 /* AchievementPopUpViewController.swift in Sources */,
				BD909C391F13131A00C5CB7B /* TutorialViewController6.swift in Sources */,
				604EC0461EEDABB300C1EA59 /* FagerstromPage5.swift in Sources */,
				45EA0E2D1EF5971800718832 /* HealthInformationViewController.swift in Sources */,
				493118A91EEB12F200D2694C /* LineChartData.swift in Sources */,
				BD909C3D1F13D1C700C5CB7B /* TutorialViewController7.swift in Sources */,
				606195A61EF1E0B200249D81 /* NotificationModel.swift in Sources */,
				604EC0371EECA76600C1EA59 /* Extensions.swift in Sources */,
				49C03D6C1EF3145900A96C1F /* PickerTableViewCell.swift in Sources */,
				BDC1DA381EF1F02600070139 /* AchievementCollectionViewCell.swift in Sources */,
				60D1E0721EF57D070048FE2C /* AppConfigurationsTableViewController.swift in Sources */,
				45EA0E2F1EF59B1800718832 /* HealthInformationMainViewController.swift in Sources */,
				60C7F1371EECA1400007D583 /* Page3ViewController.swift in Sources */,
				45750EB31EF0640E003526F4 /* NewMotivationTableViewController.swift in Sources */,
				604EC0481EEDABB800C1EA59 /* FagerstromPage6.swift in Sources */,
				BDC32F1B1EE9B8E6003E65AB /* MiniChallenge3.xcdatamodeld in Sources */,
				45C54A411EF2E1C700E1FCBD /* HealthInformationModel.swift in Sources */,
				604EC0441EEDABAF00C1EA59 /* FagerstromPage4.swift in Sources */,
				BDC1DA2A1EF0492D00070139 /* FagerstromTest+CoreDataProperties.swift in Sources */,
			);
			runOnlyForDeploymentPostprocessing = 0;
		};
		BDC32F221EE9B8E6003E65AB /* Sources */ = {
			isa = PBXSourcesBuildPhase;
			buildActionMask = 2147483647;
			files = (
				BDC32F2B1EE9B8E6003E65AB /* MiniChallenge3Tests.swift in Sources */,
			);
			runOnlyForDeploymentPostprocessing = 0;
		};
		BDC32F2D1EE9B8E6003E65AB /* Sources */ = {
			isa = PBXSourcesBuildPhase;
			buildActionMask = 2147483647;
			files = (
				BDC32F361EE9B8E6003E65AB /* MiniChallenge3UITests.swift in Sources */,
			);
			runOnlyForDeploymentPostprocessing = 0;
		};
		BDC32F4A1EE9BF2D003E65AB /* Sources */ = {
			isa = PBXSourcesBuildPhase;
			buildActionMask = 2147483647;
			files = (
				60D1E06D1EF4D9840048FE2C /* MotivationTypeTwoTableViewCell.swift in Sources */,
				60D1E0521EF4D9490048FE2C /* PickerTableViewCell.swift in Sources */,
				60D1E0561EF4D9490048FE2C /* HistoricViewController.swift in Sources */,
				60D1E0541EF4D9490048FE2C /* HistoricTableViewCell.swift in Sources */,
				60D1E0631EF4D9840048FE2C /* AchievementPopUpViewController.swift in Sources */,
				60D1E05F1EF4D9730048FE2C /* Achievement+CoreDataProperties.swift in Sources */,
				60D1E0661EF4D9840048FE2C /* AchievementsController.swift in Sources */,
				60D1E05C1EF4D9730048FE2C /* Motivation+CoreDataClass.swift in Sources */,
				60D1E06B1EF4D9840048FE2C /* ProfileMotivationTableViewController.swift in Sources */,
				49A7D2821EF6CFF2005587CE /* NotificationModel.swift in Sources */,
				49A7D2811EF6CF94005587CE /* NotificationsDatabase.swift in Sources */,
				60D1E0551EF4D9490048FE2C /* HistoricTableViewController.swift in Sources */,
				60D1E0621EF4D9840048FE2C /* MainTabBarController.swift in Sources */,
				60D1E05D1EF4D9730048FE2C /* Motivation+CoreDataProperties.swift in Sources */,
				60D1E0671EF4D9840048FE2C /* NotificationController.swift in Sources */,
				60D1E0691EF4D9840048FE2C /* PageModelViewController.swift in Sources */,
				60D1E0701EF4D9AB0048FE2C /* Extensions.swift in Sources */,
				60D1E06A1EF4D9840048FE2C /* PersonalProfileViewController.swift in Sources */,
				606195A71EF1E0B700249D81 /* DatabaseController.swift in Sources */,
				60D1E06E1EF4D9840048FE2C /* MotivationTypeThreeTableViewCell.swift in Sources */,
				60D1E0651EF4D9840048FE2C /* AchievementCollectionViewCell.swift in Sources */,
				60D1E0581EF4D9490048FE2C /* LineChart.swift in Sources */,
				60D1E06C1EF4D9840048FE2C /* MotivationTypeOneTableViewCell.swift in Sources */,
				60D1E06F1EF4D9840048FE2C /* NewMotivationTableViewController.swift in Sources */,
				60D1E05A1EF4D9730048FE2C /* FagerstromTest+CoreDataClass.swift in Sources */,
				60D1E05B1EF4D9730048FE2C /* FagerstromTest+CoreDataProperties.swift in Sources */,
				606195AA1EF1E0ED00249D81 /* CigaretteEntry+CoreDataProperties.swift in Sources */,
				60D1E0641EF4D9840048FE2C /* AchievementsCollectionViewCollectionViewController.swift in Sources */,
				BDC32F541EE9BF2D003E65AB /* TodayViewController.swift in Sources */,
				60D1E0531EF4D9490048FE2C /* AchievementsViewController.swift in Sources */,
				60D1E0681EF4D9840048FE2C /* ViewController.swift in Sources */,
				60D1E0591EF4D9490048FE2C /* PersonalProgressViewController.swift in Sources */,
				60D1E05E1EF4D9730048FE2C /* Achievement+CoreDataClass.swift in Sources */,
				606195A81EF1E0EA00249D81 /* MiniChallenge3.xcdatamodeld in Sources */,
				60D1E0511EF4D8BA0048FE2C /* LineChartData.swift in Sources */,
				60D1E0611EF4D9730048FE2C /* User+CoreDataProperties.swift in Sources */,
				606195A91EF1E0ED00249D81 /* CigaretteEntry+CoreDataClass.swift in Sources */,
				60D1E0571EF4D9490048FE2C /* ChartPoint.swift in Sources */,
				60D1E0601EF4D9730048FE2C /* User+CoreDataClass.swift in Sources */,
			);
			runOnlyForDeploymentPostprocessing = 0;
		};
/* End PBXSourcesBuildPhase section */

/* Begin PBXTargetDependency section */
		BDC32F281EE9B8E6003E65AB /* PBXTargetDependency */ = {
			isa = PBXTargetDependency;
			target = BDC32F0E1EE9B8E6003E65AB /* MiniChallenge3 */;
			targetProxy = BDC32F271EE9B8E6003E65AB /* PBXContainerItemProxy */;
		};
		BDC32F331EE9B8E6003E65AB /* PBXTargetDependency */ = {
			isa = PBXTargetDependency;
			target = BDC32F0E1EE9B8E6003E65AB /* MiniChallenge3 */;
			targetProxy = BDC32F321EE9B8E6003E65AB /* PBXContainerItemProxy */;
		};
		BDC32F5A1EE9BF2D003E65AB /* PBXTargetDependency */ = {
			isa = PBXTargetDependency;
			target = BDC32F4D1EE9BF2D003E65AB /* Widget */;
			targetProxy = BDC32F591EE9BF2D003E65AB /* PBXContainerItemProxy */;
		};
/* End PBXTargetDependency section */

/* Begin PBXVariantGroup section */
		4931189B1EEB12F200D2694C /* PersonalProgress.storyboard */ = {
			isa = PBXVariantGroup;
			children = (
				4931189C1EEB12F200D2694C /* Base */,
			);
			name = PersonalProgress.storyboard;
			sourceTree = "<group>";
		};
		BDC32F161EE9B8E6003E65AB /* Main.storyboard */ = {
			isa = PBXVariantGroup;
			children = (
				BDC32F171EE9B8E6003E65AB /* Base */,
			);
			name = Main.storyboard;
			sourceTree = "<group>";
		};
		BDC32F1E1EE9B8E6003E65AB /* LaunchScreen.storyboard */ = {
			isa = PBXVariantGroup;
			children = (
				BDC32F1F1EE9B8E6003E65AB /* Base */,
			);
			name = LaunchScreen.storyboard;
			sourceTree = "<group>";
		};
		BDC32F551EE9BF2D003E65AB /* MainInterface.storyboard */ = {
			isa = PBXVariantGroup;
			children = (
				BDC32F561EE9BF2D003E65AB /* Base */,
			);
			name = MainInterface.storyboard;
			sourceTree = "<group>";
		};
		BDC32F6F1EE9C54E003E65AB /* PersonalProfile.storyboard */ = {
			isa = PBXVariantGroup;
			children = (
				BDC32F701EE9C54E003E65AB /* Base */,
			);
			name = PersonalProfile.storyboard;
			sourceTree = "<group>";
		};
		BDC32F741EE9C585003E65AB /* HealthInformation.storyboard */ = {
			isa = PBXVariantGroup;
			children = (
				BDC32F751EE9C585003E65AB /* Base */,
			);
			name = HealthInformation.storyboard;
			sourceTree = "<group>";
		};
/* End PBXVariantGroup section */

/* Begin XCBuildConfiguration section */
		BDC32F381EE9B8E6003E65AB /* Debug */ = {
			isa = XCBuildConfiguration;
			buildSettings = {
				ALWAYS_SEARCH_USER_PATHS = NO;
				CLANG_ANALYZER_NONNULL = YES;
				CLANG_ANALYZER_NUMBER_OBJECT_CONVERSION = YES_AGGRESSIVE;
				CLANG_CXX_LANGUAGE_STANDARD = "gnu++0x";
				CLANG_CXX_LIBRARY = "libc++";
				CLANG_ENABLE_MODULES = YES;
				CLANG_ENABLE_OBJC_ARC = YES;
				CLANG_WARN_BOOL_CONVERSION = YES;
				CLANG_WARN_CONSTANT_CONVERSION = YES;
				CLANG_WARN_DIRECT_OBJC_ISA_USAGE = YES_ERROR;
				CLANG_WARN_DOCUMENTATION_COMMENTS = YES;
				CLANG_WARN_EMPTY_BODY = YES;
				CLANG_WARN_ENUM_CONVERSION = YES;
				CLANG_WARN_INFINITE_RECURSION = YES;
				CLANG_WARN_INT_CONVERSION = YES;
				CLANG_WARN_OBJC_ROOT_CLASS = YES_ERROR;
				CLANG_WARN_SUSPICIOUS_MOVE = YES;
				CLANG_WARN_UNREACHABLE_CODE = YES;
				CLANG_WARN__DUPLICATE_METHOD_MATCH = YES;
				"CODE_SIGN_IDENTITY[sdk=iphoneos*]" = "iPhone Developer";
				COPY_PHASE_STRIP = NO;
				DEBUG_INFORMATION_FORMAT = dwarf;
				ENABLE_STRICT_OBJC_MSGSEND = YES;
				ENABLE_TESTABILITY = YES;
				GCC_C_LANGUAGE_STANDARD = gnu99;
				GCC_DYNAMIC_NO_PIC = NO;
				GCC_NO_COMMON_BLOCKS = YES;
				GCC_OPTIMIZATION_LEVEL = 0;
				GCC_PREPROCESSOR_DEFINITIONS = (
					"DEBUG=1",
					"$(inherited)",
				);
				GCC_WARN_64_TO_32_BIT_CONVERSION = YES;
				GCC_WARN_ABOUT_RETURN_TYPE = YES_ERROR;
				GCC_WARN_UNDECLARED_SELECTOR = YES;
				GCC_WARN_UNINITIALIZED_AUTOS = YES_AGGRESSIVE;
				GCC_WARN_UNUSED_FUNCTION = YES;
				GCC_WARN_UNUSED_VARIABLE = YES;
				IPHONEOS_DEPLOYMENT_TARGET = 10.3;
				MTL_ENABLE_DEBUG_INFO = YES;
				ONLY_ACTIVE_ARCH = YES;
				SDKROOT = iphoneos;
				SWIFT_ACTIVE_COMPILATION_CONDITIONS = DEBUG;
				SWIFT_OPTIMIZATION_LEVEL = "-Onone";
			};
			name = Debug;
		};
		BDC32F391EE9B8E6003E65AB /* Release */ = {
			isa = XCBuildConfiguration;
			buildSettings = {
				ALWAYS_SEARCH_USER_PATHS = NO;
				CLANG_ANALYZER_NONNULL = YES;
				CLANG_ANALYZER_NUMBER_OBJECT_CONVERSION = YES_AGGRESSIVE;
				CLANG_CXX_LANGUAGE_STANDARD = "gnu++0x";
				CLANG_CXX_LIBRARY = "libc++";
				CLANG_ENABLE_MODULES = YES;
				CLANG_ENABLE_OBJC_ARC = YES;
				CLANG_WARN_BOOL_CONVERSION = YES;
				CLANG_WARN_CONSTANT_CONVERSION = YES;
				CLANG_WARN_DIRECT_OBJC_ISA_USAGE = YES_ERROR;
				CLANG_WARN_DOCUMENTATION_COMMENTS = YES;
				CLANG_WARN_EMPTY_BODY = YES;
				CLANG_WARN_ENUM_CONVERSION = YES;
				CLANG_WARN_INFINITE_RECURSION = YES;
				CLANG_WARN_INT_CONVERSION = YES;
				CLANG_WARN_OBJC_ROOT_CLASS = YES_ERROR;
				CLANG_WARN_SUSPICIOUS_MOVE = YES;
				CLANG_WARN_UNREACHABLE_CODE = YES;
				CLANG_WARN__DUPLICATE_METHOD_MATCH = YES;
				"CODE_SIGN_IDENTITY[sdk=iphoneos*]" = "iPhone Developer";
				COPY_PHASE_STRIP = NO;
				DEBUG_INFORMATION_FORMAT = "dwarf-with-dsym";
				ENABLE_NS_ASSERTIONS = NO;
				ENABLE_STRICT_OBJC_MSGSEND = YES;
				GCC_C_LANGUAGE_STANDARD = gnu99;
				GCC_NO_COMMON_BLOCKS = YES;
				GCC_WARN_64_TO_32_BIT_CONVERSION = YES;
				GCC_WARN_ABOUT_RETURN_TYPE = YES_ERROR;
				GCC_WARN_UNDECLARED_SELECTOR = YES;
				GCC_WARN_UNINITIALIZED_AUTOS = YES_AGGRESSIVE;
				GCC_WARN_UNUSED_FUNCTION = YES;
				GCC_WARN_UNUSED_VARIABLE = YES;
				IPHONEOS_DEPLOYMENT_TARGET = 10.3;
				MTL_ENABLE_DEBUG_INFO = NO;
				SDKROOT = iphoneos;
				SWIFT_OPTIMIZATION_LEVEL = "-Owholemodule";
				VALIDATE_PRODUCT = YES;
			};
			name = Release;
		};
		BDC32F3B1EE9B8E6003E65AB /* Debug */ = {
			isa = XCBuildConfiguration;
			buildSettings = {
				ALWAYS_EMBED_SWIFT_STANDARD_LIBRARIES = YES;
				ASSETCATALOG_COMPILER_APPICON_NAME = AppIcon;
				CODE_SIGN_ENTITLEMENTS = MiniChallenge3/MiniChallenge3.entitlements;
				DEVELOPMENT_TEAM = VLLH384AC4;
				INFOPLIST_FILE = MiniChallenge3/Info.plist;
				IPHONEOS_DEPLOYMENT_TARGET = 10.0;
				LD_RUNPATH_SEARCH_PATHS = "$(inherited) @executable_path/Frameworks";
				PRODUCT_BUNDLE_IDENTIFIER = br.gh.paciulli.MiniChallenge3;
				PRODUCT_NAME = "$(TARGET_NAME)";
				SWIFT_VERSION = 3.0;
			};
			name = Debug;
		};
		BDC32F3C1EE9B8E6003E65AB /* Release */ = {
			isa = XCBuildConfiguration;
			buildSettings = {
				ALWAYS_EMBED_SWIFT_STANDARD_LIBRARIES = YES;
				ASSETCATALOG_COMPILER_APPICON_NAME = AppIcon;
				CODE_SIGN_ENTITLEMENTS = MiniChallenge3/MiniChallenge3.entitlements;
				DEVELOPMENT_TEAM = VLLH384AC4;
				INFOPLIST_FILE = MiniChallenge3/Info.plist;
				IPHONEOS_DEPLOYMENT_TARGET = 10.0;
				LD_RUNPATH_SEARCH_PATHS = "$(inherited) @executable_path/Frameworks";
				PRODUCT_BUNDLE_IDENTIFIER = br.gh.paciulli.MiniChallenge3;
				PRODUCT_NAME = "$(TARGET_NAME)";
				SWIFT_VERSION = 3.0;
			};
			name = Release;
		};
		BDC32F3E1EE9B8E6003E65AB /* Debug */ = {
			isa = XCBuildConfiguration;
			buildSettings = {
				ALWAYS_EMBED_SWIFT_STANDARD_LIBRARIES = YES;
				BUNDLE_LOADER = "$(TEST_HOST)";
				DEVELOPMENT_TEAM = VLLH384AC4;
				INFOPLIST_FILE = MiniChallenge3Tests/Info.plist;
				LD_RUNPATH_SEARCH_PATHS = "$(inherited) @executable_path/Frameworks @loader_path/Frameworks";
				PRODUCT_BUNDLE_IDENTIFIER = br.gh.paciulli.MiniChallenge3Tests;
				PRODUCT_NAME = "$(TARGET_NAME)";
				SWIFT_VERSION = 3.0;
				TEST_HOST = "$(BUILT_PRODUCTS_DIR)/MiniChallenge3.app/MiniChallenge3";
			};
			name = Debug;
		};
		BDC32F3F1EE9B8E6003E65AB /* Release */ = {
			isa = XCBuildConfiguration;
			buildSettings = {
				ALWAYS_EMBED_SWIFT_STANDARD_LIBRARIES = YES;
				BUNDLE_LOADER = "$(TEST_HOST)";
				DEVELOPMENT_TEAM = VLLH384AC4;
				INFOPLIST_FILE = MiniChallenge3Tests/Info.plist;
				LD_RUNPATH_SEARCH_PATHS = "$(inherited) @executable_path/Frameworks @loader_path/Frameworks";
				PRODUCT_BUNDLE_IDENTIFIER = br.gh.paciulli.MiniChallenge3Tests;
				PRODUCT_NAME = "$(TARGET_NAME)";
				SWIFT_VERSION = 3.0;
				TEST_HOST = "$(BUILT_PRODUCTS_DIR)/MiniChallenge3.app/MiniChallenge3";
			};
			name = Release;
		};
		BDC32F411EE9B8E6003E65AB /* Debug */ = {
			isa = XCBuildConfiguration;
			buildSettings = {
				ALWAYS_EMBED_SWIFT_STANDARD_LIBRARIES = YES;
				DEVELOPMENT_TEAM = VLLH384AC4;
				INFOPLIST_FILE = MiniChallenge3UITests/Info.plist;
				LD_RUNPATH_SEARCH_PATHS = "$(inherited) @executable_path/Frameworks @loader_path/Frameworks";
				PRODUCT_BUNDLE_IDENTIFIER = br.gh.paciulli.MiniChallenge3UITests;
				PRODUCT_NAME = "$(TARGET_NAME)";
				SWIFT_VERSION = 3.0;
				TEST_TARGET_NAME = MiniChallenge3;
			};
			name = Debug;
		};
		BDC32F421EE9B8E6003E65AB /* Release */ = {
			isa = XCBuildConfiguration;
			buildSettings = {
				ALWAYS_EMBED_SWIFT_STANDARD_LIBRARIES = YES;
				DEVELOPMENT_TEAM = VLLH384AC4;
				INFOPLIST_FILE = MiniChallenge3UITests/Info.plist;
				LD_RUNPATH_SEARCH_PATHS = "$(inherited) @executable_path/Frameworks @loader_path/Frameworks";
				PRODUCT_BUNDLE_IDENTIFIER = br.gh.paciulli.MiniChallenge3UITests;
				PRODUCT_NAME = "$(TARGET_NAME)";
				SWIFT_VERSION = 3.0;
				TEST_TARGET_NAME = MiniChallenge3;
			};
			name = Release;
		};
		BDC32F5D1EE9BF2D003E65AB /* Debug */ = {
			isa = XCBuildConfiguration;
			buildSettings = {
				CODE_SIGN_ENTITLEMENTS = Widget/Widget.entitlements;
				DEVELOPMENT_TEAM = VLLH384AC4;
				INFOPLIST_FILE = Widget/Info.plist;
				LD_RUNPATH_SEARCH_PATHS = "$(inherited) @executable_path/Frameworks @executable_path/../../Frameworks";
				PRODUCT_BUNDLE_IDENTIFIER = br.gh.paciulli.MiniChallenge3.Widget;
				PRODUCT_NAME = "$(TARGET_NAME)";
				SKIP_INSTALL = YES;
				SWIFT_VERSION = 3.0;
			};
			name = Debug;
		};
		BDC32F5E1EE9BF2D003E65AB /* Release */ = {
			isa = XCBuildConfiguration;
			buildSettings = {
				CODE_SIGN_ENTITLEMENTS = Widget/Widget.entitlements;
				DEVELOPMENT_TEAM = VLLH384AC4;
				INFOPLIST_FILE = Widget/Info.plist;
				LD_RUNPATH_SEARCH_PATHS = "$(inherited) @executable_path/Frameworks @executable_path/../../Frameworks";
				PRODUCT_BUNDLE_IDENTIFIER = br.gh.paciulli.MiniChallenge3.Widget;
				PRODUCT_NAME = "$(TARGET_NAME)";
				SKIP_INSTALL = YES;
				SWIFT_VERSION = 3.0;
			};
			name = Release;
		};
/* End XCBuildConfiguration section */

/* Begin XCConfigurationList section */
		BDC32F0A1EE9B8E6003E65AB /* Build configuration list for PBXProject "MiniChallenge3" */ = {
			isa = XCConfigurationList;
			buildConfigurations = (
				BDC32F381EE9B8E6003E65AB /* Debug */,
				BDC32F391EE9B8E6003E65AB /* Release */,
			);
			defaultConfigurationIsVisible = 0;
			defaultConfigurationName = Release;
		};
		BDC32F3A1EE9B8E6003E65AB /* Build configuration list for PBXNativeTarget "MiniChallenge3" */ = {
			isa = XCConfigurationList;
			buildConfigurations = (
				BDC32F3B1EE9B8E6003E65AB /* Debug */,
				BDC32F3C1EE9B8E6003E65AB /* Release */,
			);
			defaultConfigurationIsVisible = 0;
			defaultConfigurationName = Release;
		};
		BDC32F3D1EE9B8E6003E65AB /* Build configuration list for PBXNativeTarget "MiniChallenge3Tests" */ = {
			isa = XCConfigurationList;
			buildConfigurations = (
				BDC32F3E1EE9B8E6003E65AB /* Debug */,
				BDC32F3F1EE9B8E6003E65AB /* Release */,
			);
			defaultConfigurationIsVisible = 0;
			defaultConfigurationName = Release;
		};
		BDC32F401EE9B8E6003E65AB /* Build configuration list for PBXNativeTarget "MiniChallenge3UITests" */ = {
			isa = XCConfigurationList;
			buildConfigurations = (
				BDC32F411EE9B8E6003E65AB /* Debug */,
				BDC32F421EE9B8E6003E65AB /* Release */,
			);
			defaultConfigurationIsVisible = 0;
			defaultConfigurationName = Release;
		};
		BDC32F5C1EE9BF2D003E65AB /* Build configuration list for PBXNativeTarget "Widget" */ = {
			isa = XCConfigurationList;
			buildConfigurations = (
				BDC32F5D1EE9BF2D003E65AB /* Debug */,
				BDC32F5E1EE9BF2D003E65AB /* Release */,
			);
			defaultConfigurationIsVisible = 0;
			defaultConfigurationName = Release;
		};
/* End XCConfigurationList section */

/* Begin XCVersionGroup section */
		BDC32F191EE9B8E6003E65AB /* MiniChallenge3.xcdatamodeld */ = {
			isa = XCVersionGroup;
			children = (
				BDC32F1A1EE9B8E6003E65AB /* MiniChallenge3.xcdatamodel */,
			);
			currentVersion = BDC32F1A1EE9B8E6003E65AB /* MiniChallenge3.xcdatamodel */;
			path = MiniChallenge3.xcdatamodeld;
			sourceTree = "<group>";
			versionGroupType = wrapper.xcdatamodel;
		};
/* End XCVersionGroup section */
	};
	rootObject = BDC32F071EE9B8E6003E65AB /* Project object */;
}
